// !$*UTF8*$!
{
	archiveVersion = 1;
	classes = {
	};
	objectVersion = 55;
	objects = {

/* Begin PBXBuildFile section */
		08C570CEEB81796F78D90125 /* Pods_TrippyTests.framework in Frameworks */ = {isa = PBXBuildFile; fileRef = DACCD3192C823EF35DC05DDD /* Pods_TrippyTests.framework */; };
		CCE118C7FF9447F06C4EF540 /* Pods_Trippy.framework in Frameworks */ = {isa = PBXBuildFile; fileRef = DCD6D797BDE2A5804AC47015 /* Pods_Trippy.framework */; };
		F0C75F6D287642C10015BB74 /* Keys.plist in Resources */ = {isa = PBXBuildFile; fileRef = F0C75F6C287642C10015BB74 /* Keys.plist */; };
		F0C75F72287747A20015BB74 /* LoginViewController.m in Sources */ = {isa = PBXBuildFile; fileRef = F0C75F71287747A20015BB74 /* LoginViewController.m */; };
		F0C75F7528774F940015BB74 /* UserAuthHandler.m in Sources */ = {isa = PBXBuildFile; fileRef = F0C75F7428774F940015BB74 /* UserAuthHandler.m */; };
		F0C75F7828775A680015BB74 /* SavedCollectionsViewController.m in Sources */ = {isa = PBXBuildFile; fileRef = F0C75F7728775A680015BB74 /* SavedCollectionsViewController.m */; };
		F0C75F7B28775C7F0015BB74 /* LogoutHandler.m in Sources */ = {isa = PBXBuildFile; fileRef = F0C75F7A28775C7F0015BB74 /* LogoutHandler.m */; };
		F0C75F83287786B60015BB74 /* MapItemListViewController.m in Sources */ = {isa = PBXBuildFile; fileRef = F0C75F82287786B60015BB74 /* MapItemListViewController.m */; };
		F0C75F86287786D70015BB74 /* StaticMapCell.m in Sources */ = {isa = PBXBuildFile; fileRef = F0C75F85287786D70015BB74 /* StaticMapCell.m */; };
		F0C75F8C28778FED0015BB74 /* CacheDataHandler.m in Sources */ = {isa = PBXBuildFile; fileRef = F0C75F8B28778FED0015BB74 /* CacheDataHandler.m */; };
		F0C75F92287799070015BB74 /* ParseUtils.m in Sources */ = {isa = PBXBuildFile; fileRef = F0C75F91287799070015BB74 /* ParseUtils.m */; };
		F0C75F982878D7750015BB74 /* CreateCollectionViewController.m in Sources */ = {isa = PBXBuildFile; fileRef = F0C75F972878D7750015BB74 /* CreateCollectionViewController.m */; };
		F0C75F9E287C9EBF0015BB74 /* HomeViewController.m in Sources */ = {isa = PBXBuildFile; fileRef = F0C75F9D287C9EBF0015BB74 /* HomeViewController.m */; };
		F0C75FA1287C9F4E0015BB74 /* CreateItineraryViewController.m in Sources */ = {isa = PBXBuildFile; fileRef = F0C75FA0287C9F4E0015BB74 /* CreateItineraryViewController.m */; };
		F0C75FA4287CA2430015BB74 /* ItineraryDetailViewController.m in Sources */ = {isa = PBXBuildFile; fileRef = F0C75FA3287CA2430015BB74 /* ItineraryDetailViewController.m */; };
		F0C75FBE287CE4CB0015BB74 /* DirectionsAPIManager.m in Sources */ = {isa = PBXBuildFile; fileRef = F0C75FBD287CE4CB0015BB74 /* DirectionsAPIManager.m */; };
		F0C75FE4287E3CB20015BB74 /* Itinerary.m in Sources */ = {isa = PBXBuildFile; fileRef = F0C75FDB287E3CB20015BB74 /* Itinerary.m */; };
		F0C75FE5287E3CB30015BB74 /* LocationCollection.m in Sources */ = {isa = PBXBuildFile; fileRef = F0C75FDD287E3CB20015BB74 /* LocationCollection.m */; };
		F0C75FE6287E3CB30015BB74 /* RouteStep.m in Sources */ = {isa = PBXBuildFile; fileRef = F0C75FE0287E3CB20015BB74 /* RouteStep.m */; };
		F0C75FE7287E3CB30015BB74 /* Location.m in Sources */ = {isa = PBXBuildFile; fileRef = F0C75FE1287E3CB20015BB74 /* Location.m */; };
		F0C75FE8287E3CB30015BB74 /* RouteLeg.m in Sources */ = {isa = PBXBuildFile; fileRef = F0C75FE3287E3CB20015BB74 /* RouteLeg.m */; };
		F0F335752874A0E700470507 /* AppDelegate.m in Sources */ = {isa = PBXBuildFile; fileRef = F0F335742874A0E700470507 /* AppDelegate.m */; };
		F0F335782874A0E700470507 /* SceneDelegate.m in Sources */ = {isa = PBXBuildFile; fileRef = F0F335772874A0E700470507 /* SceneDelegate.m */; };
		F0F3357B2874A0E700470507 /* SearchMapViewController.m in Sources */ = {isa = PBXBuildFile; fileRef = F0F3357A2874A0E700470507 /* SearchMapViewController.m */; };
		F0F3357E2874A0E700470507 /* Main.storyboard in Resources */ = {isa = PBXBuildFile; fileRef = F0F3357C2874A0E700470507 /* Main.storyboard */; };
		F0F335802874A0EB00470507 /* Assets.xcassets in Resources */ = {isa = PBXBuildFile; fileRef = F0F3357F2874A0EB00470507 /* Assets.xcassets */; };
		F0F335832874A0EB00470507 /* LaunchScreen.storyboard in Resources */ = {isa = PBXBuildFile; fileRef = F0F335812874A0EB00470507 /* LaunchScreen.storyboard */; };
		F0F335862874A0EB00470507 /* main.m in Sources */ = {isa = PBXBuildFile; fileRef = F0F335852874A0EB00470507 /* main.m */; };
		F0F335902874A0EB00470507 /* TrippyTests.m in Sources */ = {isa = PBXBuildFile; fileRef = F0F3358F2874A0EB00470507 /* TrippyTests.m */; };
		F0F3359A2874A0EB00470507 /* TrippyUITests.m in Sources */ = {isa = PBXBuildFile; fileRef = F0F335992874A0EB00470507 /* TrippyUITests.m */; };
		F0F3359C2874A0EB00470507 /* TrippyUITestsLaunchTests.m in Sources */ = {isa = PBXBuildFile; fileRef = F0F3359B2874A0EB00470507 /* TrippyUITestsLaunchTests.m */; };
		F0F335AE2875F0B400470507 /* SelectableMap.m in Sources */ = {isa = PBXBuildFile; fileRef = F0F335AD2875F0B400470507 /* SelectableMap.m */; };
		F0F335B72875F2E100470507 /* MapUtils.m in Sources */ = {isa = PBXBuildFile; fileRef = F0F335B62875F2E100470507 /* MapUtils.m */; };
		FED82F2F74A69C665F7637DE /* Pods_Trippy_TrippyUITests.framework in Frameworks */ = {isa = PBXBuildFile; fileRef = CBFD6FD215C55391F69C0E9B /* Pods_Trippy_TrippyUITests.framework */; };
/* End PBXBuildFile section */

/* Begin PBXContainerItemProxy section */
		F0F3358C2874A0EB00470507 /* PBXContainerItemProxy */ = {
			isa = PBXContainerItemProxy;
			containerPortal = F0F335682874A0E700470507 /* Project object */;
			proxyType = 1;
			remoteGlobalIDString = F0F3356F2874A0E700470507;
			remoteInfo = Trippy;
		};
		F0F335962874A0EB00470507 /* PBXContainerItemProxy */ = {
			isa = PBXContainerItemProxy;
			containerPortal = F0F335682874A0E700470507 /* Project object */;
			proxyType = 1;
			remoteGlobalIDString = F0F3356F2874A0E700470507;
			remoteInfo = Trippy;
		};
/* End PBXContainerItemProxy section */

/* Begin PBXFileReference section */
		21341CAF207ECB6E4069795F /* Pods-TrippyTests.release.xcconfig */ = {isa = PBXFileReference; includeInIndex = 1; lastKnownFileType = text.xcconfig; name = "Pods-TrippyTests.release.xcconfig"; path = "Target Support Files/Pods-TrippyTests/Pods-TrippyTests.release.xcconfig"; sourceTree = "<group>"; };
		2A13D49510DDF03DBABB456F /* Pods-Trippy-TrippyUITests.debug.xcconfig */ = {isa = PBXFileReference; includeInIndex = 1; lastKnownFileType = text.xcconfig; name = "Pods-Trippy-TrippyUITests.debug.xcconfig"; path = "Target Support Files/Pods-Trippy-TrippyUITests/Pods-Trippy-TrippyUITests.debug.xcconfig"; sourceTree = "<group>"; };
		4AAB8C2C2D2733EEBE11455F /* Pods-Trippy-TrippyUITests.release.xcconfig */ = {isa = PBXFileReference; includeInIndex = 1; lastKnownFileType = text.xcconfig; name = "Pods-Trippy-TrippyUITests.release.xcconfig"; path = "Target Support Files/Pods-Trippy-TrippyUITests/Pods-Trippy-TrippyUITests.release.xcconfig"; sourceTree = "<group>"; };
		B8D3E6DA2519CA6D60DBFF53 /* Pods-Trippy.debug.xcconfig */ = {isa = PBXFileReference; includeInIndex = 1; lastKnownFileType = text.xcconfig; name = "Pods-Trippy.debug.xcconfig"; path = "Target Support Files/Pods-Trippy/Pods-Trippy.debug.xcconfig"; sourceTree = "<group>"; };
		C453D7B45B0BB1D11B0EE346 /* Pods-Trippy.release.xcconfig */ = {isa = PBXFileReference; includeInIndex = 1; lastKnownFileType = text.xcconfig; name = "Pods-Trippy.release.xcconfig"; path = "Target Support Files/Pods-Trippy/Pods-Trippy.release.xcconfig"; sourceTree = "<group>"; };
		CBFD6FD215C55391F69C0E9B /* Pods_Trippy_TrippyUITests.framework */ = {isa = PBXFileReference; explicitFileType = wrapper.framework; includeInIndex = 0; path = Pods_Trippy_TrippyUITests.framework; sourceTree = BUILT_PRODUCTS_DIR; };
		CCA5DB2AB9E0DEA96B5E2177 /* Pods-TrippyTests.debug.xcconfig */ = {isa = PBXFileReference; includeInIndex = 1; lastKnownFileType = text.xcconfig; name = "Pods-TrippyTests.debug.xcconfig"; path = "Target Support Files/Pods-TrippyTests/Pods-TrippyTests.debug.xcconfig"; sourceTree = "<group>"; };
		DACCD3192C823EF35DC05DDD /* Pods_TrippyTests.framework */ = {isa = PBXFileReference; explicitFileType = wrapper.framework; includeInIndex = 0; path = Pods_TrippyTests.framework; sourceTree = BUILT_PRODUCTS_DIR; };
		DCD6D797BDE2A5804AC47015 /* Pods_Trippy.framework */ = {isa = PBXFileReference; explicitFileType = wrapper.framework; includeInIndex = 0; path = Pods_Trippy.framework; sourceTree = BUILT_PRODUCTS_DIR; };
		F0C75F6C287642C10015BB74 /* Keys.plist */ = {isa = PBXFileReference; lastKnownFileType = text.plist.xml; path = Keys.plist; sourceTree = "<group>"; };
		F0C75F70287747A20015BB74 /* LoginViewController.h */ = {isa = PBXFileReference; lastKnownFileType = sourcecode.c.h; path = LoginViewController.h; sourceTree = "<group>"; };
		F0C75F71287747A20015BB74 /* LoginViewController.m */ = {isa = PBXFileReference; lastKnownFileType = sourcecode.c.objc; path = LoginViewController.m; sourceTree = "<group>"; };
		F0C75F7328774F940015BB74 /* UserAuthHandler.h */ = {isa = PBXFileReference; lastKnownFileType = sourcecode.c.h; path = UserAuthHandler.h; sourceTree = "<group>"; };
		F0C75F7428774F940015BB74 /* UserAuthHandler.m */ = {isa = PBXFileReference; lastKnownFileType = sourcecode.c.objc; path = UserAuthHandler.m; sourceTree = "<group>"; };
		F0C75F7628775A680015BB74 /* SavedCollectionsViewController.h */ = {isa = PBXFileReference; lastKnownFileType = sourcecode.c.h; path = SavedCollectionsViewController.h; sourceTree = "<group>"; };
		F0C75F7728775A680015BB74 /* SavedCollectionsViewController.m */ = {isa = PBXFileReference; lastKnownFileType = sourcecode.c.objc; path = SavedCollectionsViewController.m; sourceTree = "<group>"; };
		F0C75F7928775C7F0015BB74 /* LogoutHandler.h */ = {isa = PBXFileReference; lastKnownFileType = sourcecode.c.h; path = LogoutHandler.h; sourceTree = "<group>"; };
		F0C75F7A28775C7F0015BB74 /* LogoutHandler.m */ = {isa = PBXFileReference; lastKnownFileType = sourcecode.c.objc; path = LogoutHandler.m; sourceTree = "<group>"; };
		F0C75F81287786B60015BB74 /* MapItemListViewController.h */ = {isa = PBXFileReference; lastKnownFileType = sourcecode.c.h; path = MapItemListViewController.h; sourceTree = "<group>"; };
		F0C75F82287786B60015BB74 /* MapItemListViewController.m */ = {isa = PBXFileReference; lastKnownFileType = sourcecode.c.objc; path = MapItemListViewController.m; sourceTree = "<group>"; };
		F0C75F84287786D70015BB74 /* StaticMapCell.h */ = {isa = PBXFileReference; lastKnownFileType = sourcecode.c.h; path = StaticMapCell.h; sourceTree = "<group>"; };
		F0C75F85287786D70015BB74 /* StaticMapCell.m */ = {isa = PBXFileReference; lastKnownFileType = sourcecode.c.objc; path = StaticMapCell.m; sourceTree = "<group>"; };
		F0C75F8A28778FED0015BB74 /* CacheDataHandler.h */ = {isa = PBXFileReference; lastKnownFileType = sourcecode.c.h; path = CacheDataHandler.h; sourceTree = "<group>"; };
		F0C75F8B28778FED0015BB74 /* CacheDataHandler.m */ = {isa = PBXFileReference; lastKnownFileType = sourcecode.c.objc; path = CacheDataHandler.m; sourceTree = "<group>"; };
		F0C75F90287799070015BB74 /* ParseUtils.h */ = {isa = PBXFileReference; lastKnownFileType = sourcecode.c.h; path = ParseUtils.h; sourceTree = "<group>"; };
		F0C75F91287799070015BB74 /* ParseUtils.m */ = {isa = PBXFileReference; lastKnownFileType = sourcecode.c.objc; path = ParseUtils.m; sourceTree = "<group>"; };
		F0C75F962878D7750015BB74 /* CreateCollectionViewController.h */ = {isa = PBXFileReference; lastKnownFileType = sourcecode.c.h; path = CreateCollectionViewController.h; sourceTree = "<group>"; };
		F0C75F972878D7750015BB74 /* CreateCollectionViewController.m */ = {isa = PBXFileReference; lastKnownFileType = sourcecode.c.objc; path = CreateCollectionViewController.m; sourceTree = "<group>"; };
		F0C75F9C287C9EBF0015BB74 /* HomeViewController.h */ = {isa = PBXFileReference; lastKnownFileType = sourcecode.c.h; path = HomeViewController.h; sourceTree = "<group>"; };
		F0C75F9D287C9EBF0015BB74 /* HomeViewController.m */ = {isa = PBXFileReference; lastKnownFileType = sourcecode.c.objc; path = HomeViewController.m; sourceTree = "<group>"; };
		F0C75F9F287C9F4E0015BB74 /* CreateItineraryViewController.h */ = {isa = PBXFileReference; lastKnownFileType = sourcecode.c.h; path = CreateItineraryViewController.h; sourceTree = "<group>"; };
		F0C75FA0287C9F4E0015BB74 /* CreateItineraryViewController.m */ = {isa = PBXFileReference; lastKnownFileType = sourcecode.c.objc; path = CreateItineraryViewController.m; sourceTree = "<group>"; };
		F0C75FA2287CA2430015BB74 /* ItineraryDetailViewController.h */ = {isa = PBXFileReference; lastKnownFileType = sourcecode.c.h; path = ItineraryDetailViewController.h; sourceTree = "<group>"; };
		F0C75FA3287CA2430015BB74 /* ItineraryDetailViewController.m */ = {isa = PBXFileReference; lastKnownFileType = sourcecode.c.objc; path = ItineraryDetailViewController.m; sourceTree = "<group>"; };
		F0C75FBC287CE4CB0015BB74 /* DirectionsAPIManager.h */ = {isa = PBXFileReference; lastKnownFileType = sourcecode.c.h; path = DirectionsAPIManager.h; sourceTree = "<group>"; };
		F0C75FBD287CE4CB0015BB74 /* DirectionsAPIManager.m */ = {isa = PBXFileReference; lastKnownFileType = sourcecode.c.objc; path = DirectionsAPIManager.m; sourceTree = "<group>"; };
		F0C75FDA287E3CB20015BB74 /* Location.h */ = {isa = PBXFileReference; fileEncoding = 4; lastKnownFileType = sourcecode.c.h; name = Location.h; path = Trippy/Models/Location.h; sourceTree = "<group>"; };
		F0C75FDB287E3CB20015BB74 /* Itinerary.m */ = {isa = PBXFileReference; fileEncoding = 4; lastKnownFileType = sourcecode.c.objc; name = Itinerary.m; path = Trippy/Models/Itinerary.m; sourceTree = "<group>"; };
		F0C75FDC287E3CB20015BB74 /* LocationCollection.h */ = {isa = PBXFileReference; fileEncoding = 4; lastKnownFileType = sourcecode.c.h; name = LocationCollection.h; path = Trippy/Models/LocationCollection.h; sourceTree = "<group>"; };
		F0C75FDD287E3CB20015BB74 /* LocationCollection.m */ = {isa = PBXFileReference; fileEncoding = 4; lastKnownFileType = sourcecode.c.objc; name = LocationCollection.m; path = Trippy/Models/LocationCollection.m; sourceTree = "<group>"; };
		F0C75FDE287E3CB20015BB74 /* Itinerary.h */ = {isa = PBXFileReference; fileEncoding = 4; lastKnownFileType = sourcecode.c.h; name = Itinerary.h; path = Trippy/Models/Itinerary.h; sourceTree = "<group>"; };
		F0C75FDF287E3CB20015BB74 /* RouteStep.h */ = {isa = PBXFileReference; fileEncoding = 4; lastKnownFileType = sourcecode.c.h; name = RouteStep.h; path = Trippy/Models/RouteStep.h; sourceTree = "<group>"; };
		F0C75FE0287E3CB20015BB74 /* RouteStep.m */ = {isa = PBXFileReference; fileEncoding = 4; lastKnownFileType = sourcecode.c.objc; name = RouteStep.m; path = Trippy/Models/RouteStep.m; sourceTree = "<group>"; };
		F0C75FE1287E3CB20015BB74 /* Location.m */ = {isa = PBXFileReference; fileEncoding = 4; lastKnownFileType = sourcecode.c.objc; name = Location.m; path = Trippy/Models/Location.m; sourceTree = "<group>"; };
		F0C75FE2287E3CB20015BB74 /* RouteLeg.h */ = {isa = PBXFileReference; fileEncoding = 4; lastKnownFileType = sourcecode.c.h; name = RouteLeg.h; path = Trippy/Models/RouteLeg.h; sourceTree = "<group>"; };
		F0C75FE3287E3CB20015BB74 /* RouteLeg.m */ = {isa = PBXFileReference; fileEncoding = 4; lastKnownFileType = sourcecode.c.objc; name = RouteLeg.m; path = Trippy/Models/RouteLeg.m; sourceTree = "<group>"; };
		F0F335702874A0E700470507 /* Trippy.app */ = {isa = PBXFileReference; explicitFileType = wrapper.application; includeInIndex = 0; path = Trippy.app; sourceTree = BUILT_PRODUCTS_DIR; };
		F0F335732874A0E700470507 /* AppDelegate.h */ = {isa = PBXFileReference; lastKnownFileType = sourcecode.c.h; path = AppDelegate.h; sourceTree = "<group>"; };
		F0F335742874A0E700470507 /* AppDelegate.m */ = {isa = PBXFileReference; lastKnownFileType = sourcecode.c.objc; path = AppDelegate.m; sourceTree = "<group>"; };
		F0F335762874A0E700470507 /* SceneDelegate.h */ = {isa = PBXFileReference; lastKnownFileType = sourcecode.c.h; path = SceneDelegate.h; sourceTree = "<group>"; };
		F0F335772874A0E700470507 /* SceneDelegate.m */ = {isa = PBXFileReference; lastKnownFileType = sourcecode.c.objc; path = SceneDelegate.m; sourceTree = "<group>"; };
		F0F335792874A0E700470507 /* SearchMapViewController.h */ = {isa = PBXFileReference; lastKnownFileType = sourcecode.c.h; path = SearchMapViewController.h; sourceTree = "<group>"; };
		F0F3357A2874A0E700470507 /* SearchMapViewController.m */ = {isa = PBXFileReference; lastKnownFileType = sourcecode.c.objc; path = SearchMapViewController.m; sourceTree = "<group>"; };
		F0F3357D2874A0E700470507 /* Base */ = {isa = PBXFileReference; lastKnownFileType = file.storyboard; name = Base; path = Base.lproj/Main.storyboard; sourceTree = "<group>"; };
		F0F3357F2874A0EB00470507 /* Assets.xcassets */ = {isa = PBXFileReference; lastKnownFileType = folder.assetcatalog; path = Assets.xcassets; sourceTree = "<group>"; };
		F0F335822874A0EB00470507 /* Base */ = {isa = PBXFileReference; lastKnownFileType = file.storyboard; name = Base; path = Base.lproj/LaunchScreen.storyboard; sourceTree = "<group>"; };
		F0F335842874A0EB00470507 /* Info.plist */ = {isa = PBXFileReference; lastKnownFileType = text.plist.xml; path = Info.plist; sourceTree = "<group>"; };
		F0F335852874A0EB00470507 /* main.m */ = {isa = PBXFileReference; lastKnownFileType = sourcecode.c.objc; path = main.m; sourceTree = "<group>"; };
		F0F3358B2874A0EB00470507 /* TrippyTests.xctest */ = {isa = PBXFileReference; explicitFileType = wrapper.cfbundle; includeInIndex = 0; path = TrippyTests.xctest; sourceTree = BUILT_PRODUCTS_DIR; };
		F0F3358F2874A0EB00470507 /* TrippyTests.m */ = {isa = PBXFileReference; lastKnownFileType = sourcecode.c.objc; path = TrippyTests.m; sourceTree = "<group>"; };
		F0F335952874A0EB00470507 /* TrippyUITests.xctest */ = {isa = PBXFileReference; explicitFileType = wrapper.cfbundle; includeInIndex = 0; path = TrippyUITests.xctest; sourceTree = BUILT_PRODUCTS_DIR; };
		F0F335992874A0EB00470507 /* TrippyUITests.m */ = {isa = PBXFileReference; lastKnownFileType = sourcecode.c.objc; path = TrippyUITests.m; sourceTree = "<group>"; };
		F0F3359B2874A0EB00470507 /* TrippyUITestsLaunchTests.m */ = {isa = PBXFileReference; lastKnownFileType = sourcecode.c.objc; path = TrippyUITestsLaunchTests.m; sourceTree = "<group>"; };
		F0F335AC2875F0B400470507 /* SelectableMap.h */ = {isa = PBXFileReference; lastKnownFileType = sourcecode.c.h; path = SelectableMap.h; sourceTree = "<group>"; };
		F0F335AD2875F0B400470507 /* SelectableMap.m */ = {isa = PBXFileReference; lastKnownFileType = sourcecode.c.objc; path = SelectableMap.m; sourceTree = "<group>"; };
		F0F335B52875F2E100470507 /* MapUtils.h */ = {isa = PBXFileReference; lastKnownFileType = sourcecode.c.h; path = MapUtils.h; sourceTree = "<group>"; };
		F0F335B62875F2E100470507 /* MapUtils.m */ = {isa = PBXFileReference; lastKnownFileType = sourcecode.c.objc; path = MapUtils.m; sourceTree = "<group>"; };
/* End PBXFileReference section */

/* Begin PBXFrameworksBuildPhase section */
		F0F3356D2874A0E700470507 /* Frameworks */ = {
			isa = PBXFrameworksBuildPhase;
			buildActionMask = 2147483647;
			files = (
				CCE118C7FF9447F06C4EF540 /* Pods_Trippy.framework in Frameworks */,
			);
			runOnlyForDeploymentPostprocessing = 0;
		};
		F0F335882874A0EB00470507 /* Frameworks */ = {
			isa = PBXFrameworksBuildPhase;
			buildActionMask = 2147483647;
			files = (
				08C570CEEB81796F78D90125 /* Pods_TrippyTests.framework in Frameworks */,
			);
			runOnlyForDeploymentPostprocessing = 0;
		};
		F0F335922874A0EB00470507 /* Frameworks */ = {
			isa = PBXFrameworksBuildPhase;
			buildActionMask = 2147483647;
			files = (
				FED82F2F74A69C665F7637DE /* Pods_Trippy_TrippyUITests.framework in Frameworks */,
			);
			runOnlyForDeploymentPostprocessing = 0;
		};
/* End PBXFrameworksBuildPhase section */

/* Begin PBXGroup section */
		0EB03A504895C37D109920AC /* Frameworks */ = {
			isa = PBXGroup;
			children = (
				DCD6D797BDE2A5804AC47015 /* Pods_Trippy.framework */,
				CBFD6FD215C55391F69C0E9B /* Pods_Trippy_TrippyUITests.framework */,
				DACCD3192C823EF35DC05DDD /* Pods_TrippyTests.framework */,
			);
			name = Frameworks;
			sourceTree = "<group>";
		};
		978D6A90CDC7054F7DED69E4 /* Pods */ = {
			isa = PBXGroup;
			children = (
				B8D3E6DA2519CA6D60DBFF53 /* Pods-Trippy.debug.xcconfig */,
				C453D7B45B0BB1D11B0EE346 /* Pods-Trippy.release.xcconfig */,
				2A13D49510DDF03DBABB456F /* Pods-Trippy-TrippyUITests.debug.xcconfig */,
				4AAB8C2C2D2733EEBE11455F /* Pods-Trippy-TrippyUITests.release.xcconfig */,
				CCA5DB2AB9E0DEA96B5E2177 /* Pods-TrippyTests.debug.xcconfig */,
				21341CAF207ECB6E4069795F /* Pods-TrippyTests.release.xcconfig */,
			);
			path = Pods;
			sourceTree = "<group>";
		};
		F0C75FA5287CC1BA0015BB74 /* Collections Tab */ = {
			isa = PBXGroup;
			children = (
				F0C75F7628775A680015BB74 /* SavedCollectionsViewController.h */,
				F0C75F7728775A680015BB74 /* SavedCollectionsViewController.m */,
				F0C75F962878D7750015BB74 /* CreateCollectionViewController.h */,
				F0C75F972878D7750015BB74 /* CreateCollectionViewController.m */,
			);
			path = "Collections Tab";
			sourceTree = "<group>";
		};
		F0C75FA6287CC1D50015BB74 /* Locate Tab */ = {
			isa = PBXGroup;
			children = (
				F0F335792874A0E700470507 /* SearchMapViewController.h */,
				F0F3357A2874A0E700470507 /* SearchMapViewController.m */,
			);
			path = "Locate Tab";
			sourceTree = "<group>";
		};
		F0C75FA7287CC1EC0015BB74 /* Login */ = {
			isa = PBXGroup;
			children = (
				F0C75F70287747A20015BB74 /* LoginViewController.h */,
				F0C75F71287747A20015BB74 /* LoginViewController.m */,
			);
			path = Login;
			sourceTree = "<group>";
		};
		F0C75FA8287CC2020015BB74 /* Itinerary Tab */ = {
			isa = PBXGroup;
			children = (
				F0C75F9C287C9EBF0015BB74 /* HomeViewController.h */,
				F0C75F9D287C9EBF0015BB74 /* HomeViewController.m */,
				F0C75F9F287C9F4E0015BB74 /* CreateItineraryViewController.h */,
				F0C75FA0287C9F4E0015BB74 /* CreateItineraryViewController.m */,
				F0C75FA2287CA2430015BB74 /* ItineraryDetailViewController.h */,
				F0C75FA3287CA2430015BB74 /* ItineraryDetailViewController.m */,
			);
			path = "Itinerary Tab";
			sourceTree = "<group>";
		};
		F0C75FA9287CC2190015BB74 /* Templates */ = {
			isa = PBXGroup;
			children = (
				F0C75F81287786B60015BB74 /* MapItemListViewController.h */,
				F0C75F82287786B60015BB74 /* MapItemListViewController.m */,
			);
			path = Templates;
			sourceTree = "<group>";
		};
		F0C75FBF287DE3190015BB74 /* Query Handlers */ = {
			isa = PBXGroup;
			children = (
				F0C75F7328774F940015BB74 /* UserAuthHandler.h */,
				F0C75F7428774F940015BB74 /* UserAuthHandler.m */,
				F0C75F7928775C7F0015BB74 /* LogoutHandler.h */,
				F0C75F7A28775C7F0015BB74 /* LogoutHandler.m */,
				F0C75F8A28778FED0015BB74 /* CacheDataHandler.h */,
				F0C75F8B28778FED0015BB74 /* CacheDataHandler.m */,
			);
			path = "Query Handlers";
			sourceTree = "<group>";
		};
		F0F335672874A0E700470507 = {
			isa = PBXGroup;
			children = (
				F0F335722874A0E700470507 /* Trippy */,
				F0F3358E2874A0EB00470507 /* TrippyTests */,
				F0F335982874A0EB00470507 /* TrippyUITests */,
				F0F335712874A0E700470507 /* Products */,
				978D6A90CDC7054F7DED69E4 /* Pods */,
				0EB03A504895C37D109920AC /* Frameworks */,
			);
			sourceTree = "<group>";
		};
		F0F335712874A0E700470507 /* Products */ = {
			isa = PBXGroup;
			children = (
				F0F335702874A0E700470507 /* Trippy.app */,
				F0F3358B2874A0EB00470507 /* TrippyTests.xctest */,
				F0F335952874A0EB00470507 /* TrippyUITests.xctest */,
			);
			name = Products;
			sourceTree = "<group>";
		};
		F0F335722874A0E700470507 /* Trippy */ = {
			isa = PBXGroup;
			children = (
				F0C75FBF287DE3190015BB74 /* Query Handlers */,
				F0F335B42875F2BD00470507 /* Utils */,
				F0F335AB2875F08D00470507 /* API */,
				F0F335A92875F07300470507 /* View Controllers */,
				F0F335A82875F06900470507 /* Views */,
				F0F335AA2875F08500470507 /* Models */,
				F0F335732874A0E700470507 /* AppDelegate.h */,
				F0F335742874A0E700470507 /* AppDelegate.m */,
				F0F335762874A0E700470507 /* SceneDelegate.h */,
				F0F335772874A0E700470507 /* SceneDelegate.m */,
				F0F3357C2874A0E700470507 /* Main.storyboard */,
				F0F3357F2874A0EB00470507 /* Assets.xcassets */,
				F0F335812874A0EB00470507 /* LaunchScreen.storyboard */,
				F0F335842874A0EB00470507 /* Info.plist */,
				F0C75F6C287642C10015BB74 /* Keys.plist */,
				F0F335852874A0EB00470507 /* main.m */,
			);
			path = Trippy;
			sourceTree = "<group>";
		};
		F0F3358E2874A0EB00470507 /* TrippyTests */ = {
			isa = PBXGroup;
			children = (
				F0F3358F2874A0EB00470507 /* TrippyTests.m */,
			);
			path = TrippyTests;
			sourceTree = "<group>";
		};
		F0F335982874A0EB00470507 /* TrippyUITests */ = {
			isa = PBXGroup;
			children = (
				F0F335992874A0EB00470507 /* TrippyUITests.m */,
				F0F3359B2874A0EB00470507 /* TrippyUITestsLaunchTests.m */,
			);
			path = TrippyUITests;
			sourceTree = "<group>";
		};
		F0F335A82875F06900470507 /* Views */ = {
			isa = PBXGroup;
			children = (
				F0F335AC2875F0B400470507 /* SelectableMap.h */,
				F0F335AD2875F0B400470507 /* SelectableMap.m */,
				F0C75F84287786D70015BB74 /* StaticMapCell.h */,
				F0C75F85287786D70015BB74 /* StaticMapCell.m */,
			);
			path = Views;
			sourceTree = "<group>";
		};
		F0F335A92875F07300470507 /* View Controllers */ = {
			isa = PBXGroup;
			children = (
				F0C75FA9287CC2190015BB74 /* Templates */,
				F0C75FA8287CC2020015BB74 /* Itinerary Tab */,
				F0C75FA7287CC1EC0015BB74 /* Login */,
				F0C75FA6287CC1D50015BB74 /* Locate Tab */,
				F0C75FA5287CC1BA0015BB74 /* Collections Tab */,
			);
			path = "View Controllers";
			sourceTree = "<group>";
		};
		F0F335AA2875F08500470507 /* Models */ = {
			isa = PBXGroup;
			children = (
				F0C75FDE287E3CB20015BB74 /* Itinerary.h */,
				F0C75FDB287E3CB20015BB74 /* Itinerary.m */,
				F0C75FDA287E3CB20015BB74 /* Location.h */,
				F0C75FE1287E3CB20015BB74 /* Location.m */,
				F0C75FDC287E3CB20015BB74 /* LocationCollection.h */,
				F0C75FDD287E3CB20015BB74 /* LocationCollection.m */,
				F0C75FE2287E3CB20015BB74 /* RouteLeg.h */,
				F0C75FE3287E3CB20015BB74 /* RouteLeg.m */,
				F0C75FDF287E3CB20015BB74 /* RouteStep.h */,
				F0C75FE0287E3CB20015BB74 /* RouteStep.m */,
			);
			name = Models;
			path = ..;
			sourceTree = "<group>";
		};
		F0F335AB2875F08D00470507 /* API */ = {
			isa = PBXGroup;
			children = (
				F0C75FBC287CE4CB0015BB74 /* DirectionsAPIManager.h */,
				F0C75FBD287CE4CB0015BB74 /* DirectionsAPIManager.m */,
			);
			path = API;
			sourceTree = "<group>";
		};
		F0F335B42875F2BD00470507 /* Utils */ = {
			isa = PBXGroup;
			children = (
				F0F335B52875F2E100470507 /* MapUtils.h */,
				F0F335B62875F2E100470507 /* MapUtils.m */,
				F0C75F90287799070015BB74 /* ParseUtils.h */,
				F0C75F91287799070015BB74 /* ParseUtils.m */,
			);
			path = Utils;
			sourceTree = "<group>";
		};
/* End PBXGroup section */

/* Begin PBXNativeTarget section */
		F0F3356F2874A0E700470507 /* Trippy */ = {
			isa = PBXNativeTarget;
			buildConfigurationList = F0F3359F2874A0EB00470507 /* Build configuration list for PBXNativeTarget "Trippy" */;
			buildPhases = (
				B537E7CDA10A5A5375CBB1B1 /* [CP] Check Pods Manifest.lock */,
				F0F3356C2874A0E700470507 /* Sources */,
				F0F3356D2874A0E700470507 /* Frameworks */,
				F0F3356E2874A0E700470507 /* Resources */,
				BB65531D2EA9A338829A7822 /* [CP] Copy Pods Resources */,
				3EA6F545ABC7A3854617FBC0 /* [CP] Embed Pods Frameworks */,
			);
			buildRules = (
			);
			dependencies = (
			);
			name = Trippy;
			productName = Trippy;
			productReference = F0F335702874A0E700470507 /* Trippy.app */;
			productType = "com.apple.product-type.application";
		};
		F0F3358A2874A0EB00470507 /* TrippyTests */ = {
			isa = PBXNativeTarget;
			buildConfigurationList = F0F335A22874A0EB00470507 /* Build configuration list for PBXNativeTarget "TrippyTests" */;
			buildPhases = (
				23F7B8E7C48B2158A2AF1B16 /* [CP] Check Pods Manifest.lock */,
				F0F335872874A0EB00470507 /* Sources */,
				F0F335882874A0EB00470507 /* Frameworks */,
				F0F335892874A0EB00470507 /* Resources */,
			);
			buildRules = (
			);
			dependencies = (
				F0F3358D2874A0EB00470507 /* PBXTargetDependency */,
			);
			name = TrippyTests;
			productName = TrippyTests;
			productReference = F0F3358B2874A0EB00470507 /* TrippyTests.xctest */;
			productType = "com.apple.product-type.bundle.unit-test";
		};
		F0F335942874A0EB00470507 /* TrippyUITests */ = {
			isa = PBXNativeTarget;
			buildConfigurationList = F0F335A52874A0EB00470507 /* Build configuration list for PBXNativeTarget "TrippyUITests" */;
			buildPhases = (
				6AE3A40332FC33E9E1F6D24E /* [CP] Check Pods Manifest.lock */,
				F0F335912874A0EB00470507 /* Sources */,
				F0F335922874A0EB00470507 /* Frameworks */,
				F0F335932874A0EB00470507 /* Resources */,
				ADFF6EB938B042EA126F5A26 /* [CP] Copy Pods Resources */,
				07F5870F5C80D262FF5F7108 /* [CP] Embed Pods Frameworks */,
			);
			buildRules = (
			);
			dependencies = (
				F0F335972874A0EB00470507 /* PBXTargetDependency */,
			);
			name = TrippyUITests;
			productName = TrippyUITests;
			productReference = F0F335952874A0EB00470507 /* TrippyUITests.xctest */;
			productType = "com.apple.product-type.bundle.ui-testing";
		};
/* End PBXNativeTarget section */

/* Begin PBXProject section */
		F0F335682874A0E700470507 /* Project object */ = {
			isa = PBXProject;
			attributes = {
				BuildIndependentTargetsInParallel = 1;
				LastUpgradeCheck = 1340;
				TargetAttributes = {
					F0F3356F2874A0E700470507 = {
						CreatedOnToolsVersion = 13.4.1;
					};
					F0F3358A2874A0EB00470507 = {
						CreatedOnToolsVersion = 13.4.1;
						TestTargetID = F0F3356F2874A0E700470507;
					};
					F0F335942874A0EB00470507 = {
						CreatedOnToolsVersion = 13.4.1;
						TestTargetID = F0F3356F2874A0E700470507;
					};
				};
			};
			buildConfigurationList = F0F3356B2874A0E700470507 /* Build configuration list for PBXProject "Trippy" */;
			compatibilityVersion = "Xcode 13.0";
			developmentRegion = en;
			hasScannedForEncodings = 0;
			knownRegions = (
				en,
				Base,
			);
			mainGroup = F0F335672874A0E700470507;
			productRefGroup = F0F335712874A0E700470507 /* Products */;
			projectDirPath = "";
			projectRoot = "";
			targets = (
				F0F3356F2874A0E700470507 /* Trippy */,
				F0F3358A2874A0EB00470507 /* TrippyTests */,
				F0F335942874A0EB00470507 /* TrippyUITests */,
			);
		};
/* End PBXProject section */

/* Begin PBXResourcesBuildPhase section */
		F0F3356E2874A0E700470507 /* Resources */ = {
			isa = PBXResourcesBuildPhase;
			buildActionMask = 2147483647;
			files = (
				F0C75F6D287642C10015BB74 /* Keys.plist in Resources */,
				F0F335832874A0EB00470507 /* LaunchScreen.storyboard in Resources */,
				F0F335802874A0EB00470507 /* Assets.xcassets in Resources */,
				F0F3357E2874A0E700470507 /* Main.storyboard in Resources */,
			);
			runOnlyForDeploymentPostprocessing = 0;
		};
		F0F335892874A0EB00470507 /* Resources */ = {
			isa = PBXResourcesBuildPhase;
			buildActionMask = 2147483647;
			files = (
			);
			runOnlyForDeploymentPostprocessing = 0;
		};
		F0F335932874A0EB00470507 /* Resources */ = {
			isa = PBXResourcesBuildPhase;
			buildActionMask = 2147483647;
			files = (
			);
			runOnlyForDeploymentPostprocessing = 0;
		};
/* End PBXResourcesBuildPhase section */

/* Begin PBXShellScriptBuildPhase section */
		07F5870F5C80D262FF5F7108 /* [CP] Embed Pods Frameworks */ = {
			isa = PBXShellScriptBuildPhase;
			buildActionMask = 2147483647;
			files = (
			);
			inputFileListPaths = (
				"${PODS_ROOT}/Target Support Files/Pods-Trippy-TrippyUITests/Pods-Trippy-TrippyUITests-frameworks-${CONFIGURATION}-input-files.xcfilelist",
			);
			name = "[CP] Embed Pods Frameworks";
			outputFileListPaths = (
				"${PODS_ROOT}/Target Support Files/Pods-Trippy-TrippyUITests/Pods-Trippy-TrippyUITests-frameworks-${CONFIGURATION}-output-files.xcfilelist",
			);
			runOnlyForDeploymentPostprocessing = 0;
			shellPath = /bin/sh;
			shellScript = "\"${PODS_ROOT}/Target Support Files/Pods-Trippy-TrippyUITests/Pods-Trippy-TrippyUITests-frameworks.sh\"\n";
			showEnvVarsInLog = 0;
		};
		23F7B8E7C48B2158A2AF1B16 /* [CP] Check Pods Manifest.lock */ = {
			isa = PBXShellScriptBuildPhase;
			buildActionMask = 2147483647;
			files = (
			);
			inputFileListPaths = (
			);
			inputPaths = (
				"${PODS_PODFILE_DIR_PATH}/Podfile.lock",
				"${PODS_ROOT}/Manifest.lock",
			);
			name = "[CP] Check Pods Manifest.lock";
			outputFileListPaths = (
			);
			outputPaths = (
				"$(DERIVED_FILE_DIR)/Pods-TrippyTests-checkManifestLockResult.txt",
			);
			runOnlyForDeploymentPostprocessing = 0;
			shellPath = /bin/sh;
			shellScript = "diff \"${PODS_PODFILE_DIR_PATH}/Podfile.lock\" \"${PODS_ROOT}/Manifest.lock\" > /dev/null\nif [ $? != 0 ] ; then\n    # print error to STDERR\n    echo \"error: The sandbox is not in sync with the Podfile.lock. Run 'pod install' or update your CocoaPods installation.\" >&2\n    exit 1\nfi\n# This output is used by Xcode 'outputs' to avoid re-running this script phase.\necho \"SUCCESS\" > \"${SCRIPT_OUTPUT_FILE_0}\"\n";
			showEnvVarsInLog = 0;
		};
		3EA6F545ABC7A3854617FBC0 /* [CP] Embed Pods Frameworks */ = {
			isa = PBXShellScriptBuildPhase;
			buildActionMask = 2147483647;
			files = (
			);
			inputFileListPaths = (
				"${PODS_ROOT}/Target Support Files/Pods-Trippy/Pods-Trippy-frameworks-${CONFIGURATION}-input-files.xcfilelist",
			);
			name = "[CP] Embed Pods Frameworks";
			outputFileListPaths = (
				"${PODS_ROOT}/Target Support Files/Pods-Trippy/Pods-Trippy-frameworks-${CONFIGURATION}-output-files.xcfilelist",
			);
			runOnlyForDeploymentPostprocessing = 0;
			shellPath = /bin/sh;
			shellScript = "\"${PODS_ROOT}/Target Support Files/Pods-Trippy/Pods-Trippy-frameworks.sh\"\n";
			showEnvVarsInLog = 0;
		};
		6AE3A40332FC33E9E1F6D24E /* [CP] Check Pods Manifest.lock */ = {
			isa = PBXShellScriptBuildPhase;
			buildActionMask = 2147483647;
			files = (
			);
			inputFileListPaths = (
			);
			inputPaths = (
				"${PODS_PODFILE_DIR_PATH}/Podfile.lock",
				"${PODS_ROOT}/Manifest.lock",
			);
			name = "[CP] Check Pods Manifest.lock";
			outputFileListPaths = (
			);
			outputPaths = (
				"$(DERIVED_FILE_DIR)/Pods-Trippy-TrippyUITests-checkManifestLockResult.txt",
			);
			runOnlyForDeploymentPostprocessing = 0;
			shellPath = /bin/sh;
			shellScript = "diff \"${PODS_PODFILE_DIR_PATH}/Podfile.lock\" \"${PODS_ROOT}/Manifest.lock\" > /dev/null\nif [ $? != 0 ] ; then\n    # print error to STDERR\n    echo \"error: The sandbox is not in sync with the Podfile.lock. Run 'pod install' or update your CocoaPods installation.\" >&2\n    exit 1\nfi\n# This output is used by Xcode 'outputs' to avoid re-running this script phase.\necho \"SUCCESS\" > \"${SCRIPT_OUTPUT_FILE_0}\"\n";
			showEnvVarsInLog = 0;
		};
		ADFF6EB938B042EA126F5A26 /* [CP] Copy Pods Resources */ = {
			isa = PBXShellScriptBuildPhase;
			buildActionMask = 2147483647;
			files = (
			);
			inputFileListPaths = (
				"${PODS_ROOT}/Target Support Files/Pods-Trippy-TrippyUITests/Pods-Trippy-TrippyUITests-resources-${CONFIGURATION}-input-files.xcfilelist",
			);
			name = "[CP] Copy Pods Resources";
			outputFileListPaths = (
				"${PODS_ROOT}/Target Support Files/Pods-Trippy-TrippyUITests/Pods-Trippy-TrippyUITests-resources-${CONFIGURATION}-output-files.xcfilelist",
			);
			runOnlyForDeploymentPostprocessing = 0;
			shellPath = /bin/sh;
			shellScript = "\"${PODS_ROOT}/Target Support Files/Pods-Trippy-TrippyUITests/Pods-Trippy-TrippyUITests-resources.sh\"\n";
			showEnvVarsInLog = 0;
		};
		B537E7CDA10A5A5375CBB1B1 /* [CP] Check Pods Manifest.lock */ = {
			isa = PBXShellScriptBuildPhase;
			buildActionMask = 2147483647;
			files = (
			);
			inputFileListPaths = (
			);
			inputPaths = (
				"${PODS_PODFILE_DIR_PATH}/Podfile.lock",
				"${PODS_ROOT}/Manifest.lock",
			);
			name = "[CP] Check Pods Manifest.lock";
			outputFileListPaths = (
			);
			outputPaths = (
				"$(DERIVED_FILE_DIR)/Pods-Trippy-checkManifestLockResult.txt",
			);
			runOnlyForDeploymentPostprocessing = 0;
			shellPath = /bin/sh;
			shellScript = "diff \"${PODS_PODFILE_DIR_PATH}/Podfile.lock\" \"${PODS_ROOT}/Manifest.lock\" > /dev/null\nif [ $? != 0 ] ; then\n    # print error to STDERR\n    echo \"error: The sandbox is not in sync with the Podfile.lock. Run 'pod install' or update your CocoaPods installation.\" >&2\n    exit 1\nfi\n# This output is used by Xcode 'outputs' to avoid re-running this script phase.\necho \"SUCCESS\" > \"${SCRIPT_OUTPUT_FILE_0}\"\n";
			showEnvVarsInLog = 0;
		};
		BB65531D2EA9A338829A7822 /* [CP] Copy Pods Resources */ = {
			isa = PBXShellScriptBuildPhase;
			buildActionMask = 2147483647;
			files = (
			);
			inputFileListPaths = (
				"${PODS_ROOT}/Target Support Files/Pods-Trippy/Pods-Trippy-resources-${CONFIGURATION}-input-files.xcfilelist",
			);
			name = "[CP] Copy Pods Resources";
			outputFileListPaths = (
				"${PODS_ROOT}/Target Support Files/Pods-Trippy/Pods-Trippy-resources-${CONFIGURATION}-output-files.xcfilelist",
			);
			runOnlyForDeploymentPostprocessing = 0;
			shellPath = /bin/sh;
			shellScript = "\"${PODS_ROOT}/Target Support Files/Pods-Trippy/Pods-Trippy-resources.sh\"\n";
			showEnvVarsInLog = 0;
		};
/* End PBXShellScriptBuildPhase section */

/* Begin PBXSourcesBuildPhase section */
		F0F3356C2874A0E700470507 /* Sources */ = {
			isa = PBXSourcesBuildPhase;
			buildActionMask = 2147483647;
			files = (
				F0C75F72287747A20015BB74 /* LoginViewController.m in Sources */,
				F0F3357B2874A0E700470507 /* SearchMapViewController.m in Sources */,
				F0C75F982878D7750015BB74 /* CreateCollectionViewController.m in Sources */,
				F0C75F8C28778FED0015BB74 /* CacheDataHandler.m in Sources */,
				F0C75F92287799070015BB74 /* ParseUtils.m in Sources */,
				F0C75F9E287C9EBF0015BB74 /* HomeViewController.m in Sources */,
				F0C75FA1287C9F4E0015BB74 /* CreateItineraryViewController.m in Sources */,
				F0C75FA4287CA2430015BB74 /* ItineraryDetailViewController.m in Sources */,
				F0C75F83287786B60015BB74 /* MapItemListViewController.m in Sources */,
				F0F335752874A0E700470507 /* AppDelegate.m in Sources */,
				F0C75F7528774F940015BB74 /* UserAuthHandler.m in Sources */,
				F0C75FE6287E3CB30015BB74 /* RouteStep.m in Sources */,
				F0C75F7828775A680015BB74 /* SavedCollectionsViewController.m in Sources */,
				F0F335AE2875F0B400470507 /* SelectableMap.m in Sources */,
				F0F335B72875F2E100470507 /* MapUtils.m in Sources */,
				F0F335862874A0EB00470507 /* main.m in Sources */,
				F0C75F7B28775C7F0015BB74 /* LogoutHandler.m in Sources */,
				F0C75F86287786D70015BB74 /* StaticMapCell.m in Sources */,
				F0C75FE4287E3CB20015BB74 /* Itinerary.m in Sources */,
				F0C75FE8287E3CB30015BB74 /* RouteLeg.m in Sources */,
				F0C75FE7287E3CB30015BB74 /* Location.m in Sources */,
				F0C75FBE287CE4CB0015BB74 /* DirectionsAPIManager.m in Sources */,
				F0F335782874A0E700470507 /* SceneDelegate.m in Sources */,
				F0C75FE5287E3CB30015BB74 /* LocationCollection.m in Sources */,
			);
			runOnlyForDeploymentPostprocessing = 0;
		};
		F0F335872874A0EB00470507 /* Sources */ = {
			isa = PBXSourcesBuildPhase;
			buildActionMask = 2147483647;
			files = (
				F0F335902874A0EB00470507 /* TrippyTests.m in Sources */,
			);
			runOnlyForDeploymentPostprocessing = 0;
		};
		F0F335912874A0EB00470507 /* Sources */ = {
			isa = PBXSourcesBuildPhase;
			buildActionMask = 2147483647;
			files = (
				F0F3359C2874A0EB00470507 /* TrippyUITestsLaunchTests.m in Sources */,
				F0F3359A2874A0EB00470507 /* TrippyUITests.m in Sources */,
			);
			runOnlyForDeploymentPostprocessing = 0;
		};
/* End PBXSourcesBuildPhase section */

/* Begin PBXTargetDependency section */
		F0F3358D2874A0EB00470507 /* PBXTargetDependency */ = {
			isa = PBXTargetDependency;
			target = F0F3356F2874A0E700470507 /* Trippy */;
			targetProxy = F0F3358C2874A0EB00470507 /* PBXContainerItemProxy */;
		};
		F0F335972874A0EB00470507 /* PBXTargetDependency */ = {
			isa = PBXTargetDependency;
			target = F0F3356F2874A0E700470507 /* Trippy */;
			targetProxy = F0F335962874A0EB00470507 /* PBXContainerItemProxy */;
		};
/* End PBXTargetDependency section */

/* Begin PBXVariantGroup section */
		F0F3357C2874A0E700470507 /* Main.storyboard */ = {
			isa = PBXVariantGroup;
			children = (
				F0F3357D2874A0E700470507 /* Base */,
			);
			name = Main.storyboard;
			sourceTree = "<group>";
		};
		F0F335812874A0EB00470507 /* LaunchScreen.storyboard */ = {
			isa = PBXVariantGroup;
			children = (
				F0F335822874A0EB00470507 /* Base */,
			);
			name = LaunchScreen.storyboard;
			sourceTree = "<group>";
		};
/* End PBXVariantGroup section */

/* Begin XCBuildConfiguration section */
		F0F3359D2874A0EB00470507 /* Debug */ = {
			isa = XCBuildConfiguration;
			buildSettings = {
				ALWAYS_SEARCH_USER_PATHS = NO;
				CLANG_ANALYZER_NONNULL = YES;
				CLANG_ANALYZER_NUMBER_OBJECT_CONVERSION = YES_AGGRESSIVE;
				CLANG_CXX_LANGUAGE_STANDARD = "gnu++17";
				CLANG_ENABLE_MODULES = YES;
				CLANG_ENABLE_OBJC_ARC = YES;
				CLANG_ENABLE_OBJC_WEAK = YES;
				CLANG_WARN_BLOCK_CAPTURE_AUTORELEASING = YES;
				CLANG_WARN_BOOL_CONVERSION = YES;
				CLANG_WARN_COMMA = YES;
				CLANG_WARN_CONSTANT_CONVERSION = YES;
				CLANG_WARN_DEPRECATED_OBJC_IMPLEMENTATIONS = YES;
				CLANG_WARN_DIRECT_OBJC_ISA_USAGE = YES_ERROR;
				CLANG_WARN_DOCUMENTATION_COMMENTS = YES;
				CLANG_WARN_EMPTY_BODY = YES;
				CLANG_WARN_ENUM_CONVERSION = YES;
				CLANG_WARN_INFINITE_RECURSION = YES;
				CLANG_WARN_INT_CONVERSION = YES;
				CLANG_WARN_NON_LITERAL_NULL_CONVERSION = YES;
				CLANG_WARN_OBJC_IMPLICIT_RETAIN_SELF = YES;
				CLANG_WARN_OBJC_LITERAL_CONVERSION = YES;
				CLANG_WARN_OBJC_ROOT_CLASS = YES_ERROR;
				CLANG_WARN_QUOTED_INCLUDE_IN_FRAMEWORK_HEADER = YES;
				CLANG_WARN_RANGE_LOOP_ANALYSIS = YES;
				CLANG_WARN_STRICT_PROTOTYPES = YES;
				CLANG_WARN_SUSPICIOUS_MOVE = YES;
				CLANG_WARN_UNGUARDED_AVAILABILITY = YES_AGGRESSIVE;
				CLANG_WARN_UNREACHABLE_CODE = YES;
				CLANG_WARN__DUPLICATE_METHOD_MATCH = YES;
				COPY_PHASE_STRIP = NO;
				DEBUG_INFORMATION_FORMAT = dwarf;
				ENABLE_STRICT_OBJC_MSGSEND = YES;
				ENABLE_TESTABILITY = YES;
				GCC_C_LANGUAGE_STANDARD = gnu11;
				GCC_DYNAMIC_NO_PIC = NO;
				GCC_NO_COMMON_BLOCKS = YES;
				GCC_OPTIMIZATION_LEVEL = 0;
				GCC_PREPROCESSOR_DEFINITIONS = (
					"DEBUG=1",
					"$(inherited)",
				);
				GCC_WARN_64_TO_32_BIT_CONVERSION = YES;
				GCC_WARN_ABOUT_RETURN_TYPE = YES_ERROR;
				GCC_WARN_UNDECLARED_SELECTOR = YES;
				GCC_WARN_UNINITIALIZED_AUTOS = YES_AGGRESSIVE;
				GCC_WARN_UNUSED_FUNCTION = YES;
				GCC_WARN_UNUSED_VARIABLE = YES;
				IPHONEOS_DEPLOYMENT_TARGET = 15.5;
				MTL_ENABLE_DEBUG_INFO = INCLUDE_SOURCE;
				MTL_FAST_MATH = YES;
				ONLY_ACTIVE_ARCH = YES;
				SDKROOT = iphoneos;
			};
			name = Debug;
		};
		F0F3359E2874A0EB00470507 /* Release */ = {
			isa = XCBuildConfiguration;
			buildSettings = {
				ALWAYS_SEARCH_USER_PATHS = NO;
				CLANG_ANALYZER_NONNULL = YES;
				CLANG_ANALYZER_NUMBER_OBJECT_CONVERSION = YES_AGGRESSIVE;
				CLANG_CXX_LANGUAGE_STANDARD = "gnu++17";
				CLANG_ENABLE_MODULES = YES;
				CLANG_ENABLE_OBJC_ARC = YES;
				CLANG_ENABLE_OBJC_WEAK = YES;
				CLANG_WARN_BLOCK_CAPTURE_AUTORELEASING = YES;
				CLANG_WARN_BOOL_CONVERSION = YES;
				CLANG_WARN_COMMA = YES;
				CLANG_WARN_CONSTANT_CONVERSION = YES;
				CLANG_WARN_DEPRECATED_OBJC_IMPLEMENTATIONS = YES;
				CLANG_WARN_DIRECT_OBJC_ISA_USAGE = YES_ERROR;
				CLANG_WARN_DOCUMENTATION_COMMENTS = YES;
				CLANG_WARN_EMPTY_BODY = YES;
				CLANG_WARN_ENUM_CONVERSION = YES;
				CLANG_WARN_INFINITE_RECURSION = YES;
				CLANG_WARN_INT_CONVERSION = YES;
				CLANG_WARN_NON_LITERAL_NULL_CONVERSION = YES;
				CLANG_WARN_OBJC_IMPLICIT_RETAIN_SELF = YES;
				CLANG_WARN_OBJC_LITERAL_CONVERSION = YES;
				CLANG_WARN_OBJC_ROOT_CLASS = YES_ERROR;
				CLANG_WARN_QUOTED_INCLUDE_IN_FRAMEWORK_HEADER = YES;
				CLANG_WARN_RANGE_LOOP_ANALYSIS = YES;
				CLANG_WARN_STRICT_PROTOTYPES = YES;
				CLANG_WARN_SUSPICIOUS_MOVE = YES;
				CLANG_WARN_UNGUARDED_AVAILABILITY = YES_AGGRESSIVE;
				CLANG_WARN_UNREACHABLE_CODE = YES;
				CLANG_WARN__DUPLICATE_METHOD_MATCH = YES;
				COPY_PHASE_STRIP = NO;
				DEBUG_INFORMATION_FORMAT = "dwarf-with-dsym";
				ENABLE_NS_ASSERTIONS = NO;
				ENABLE_STRICT_OBJC_MSGSEND = YES;
				GCC_C_LANGUAGE_STANDARD = gnu11;
				GCC_NO_COMMON_BLOCKS = YES;
				GCC_WARN_64_TO_32_BIT_CONVERSION = YES;
				GCC_WARN_ABOUT_RETURN_TYPE = YES_ERROR;
				GCC_WARN_UNDECLARED_SELECTOR = YES;
				GCC_WARN_UNINITIALIZED_AUTOS = YES_AGGRESSIVE;
				GCC_WARN_UNUSED_FUNCTION = YES;
				GCC_WARN_UNUSED_VARIABLE = YES;
				IPHONEOS_DEPLOYMENT_TARGET = 15.5;
				MTL_ENABLE_DEBUG_INFO = NO;
				MTL_FAST_MATH = YES;
				SDKROOT = iphoneos;
				VALIDATE_PRODUCT = YES;
			};
			name = Release;
		};
		F0F335A02874A0EB00470507 /* Debug */ = {
			isa = XCBuildConfiguration;
			baseConfigurationReference = B8D3E6DA2519CA6D60DBFF53 /* Pods-Trippy.debug.xcconfig */;
			buildSettings = {
				ASSETCATALOG_COMPILER_APPICON_NAME = AppIcon;
				ASSETCATALOG_COMPILER_GLOBAL_ACCENT_COLOR_NAME = AccentColor;
				CODE_SIGN_STYLE = Automatic;
				CURRENT_PROJECT_VERSION = 1;
				DEVELOPMENT_TEAM = Z5SZ8N67M2;
				EXCLUDED_ARCHS = "";
				"EXCLUDED_ARCHS[sdk=iphonesimulator*]" = arm64;
				GENERATE_INFOPLIST_FILE = YES;
				INFOPLIST_FILE = Trippy/Info.plist;
				INFOPLIST_KEY_UIApplicationSupportsIndirectInputEvents = YES;
				INFOPLIST_KEY_UILaunchStoryboardName = LaunchScreen;
				INFOPLIST_KEY_UIMainStoryboardFile = Main;
				INFOPLIST_KEY_UISupportedInterfaceOrientations_iPad = "UIInterfaceOrientationPortrait UIInterfaceOrientationPortraitUpsideDown UIInterfaceOrientationLandscapeLeft UIInterfaceOrientationLandscapeRight";
				INFOPLIST_KEY_UISupportedInterfaceOrientations_iPhone = "UIInterfaceOrientationPortrait UIInterfaceOrientationLandscapeLeft UIInterfaceOrientationLandscapeRight";
				LD_RUNPATH_SEARCH_PATHS = (
					"$(inherited)",
					"@executable_path/Frameworks",
				);
				MARKETING_VERSION = 1.0;
				ONLY_ACTIVE_ARCH = YES;
				PRODUCT_BUNDLE_IDENTIFIER = com.codepath.czlu.Trippy;
				PRODUCT_NAME = "$(TARGET_NAME)";
				SWIFT_EMIT_LOC_STRINGS = YES;
				TARGETED_DEVICE_FAMILY = "1,2";
			};
			name = Debug;
		};
		F0F335A12874A0EB00470507 /* Release */ = {
			isa = XCBuildConfiguration;
			baseConfigurationReference = C453D7B45B0BB1D11B0EE346 /* Pods-Trippy.release.xcconfig */;
			buildSettings = {
				ASSETCATALOG_COMPILER_APPICON_NAME = AppIcon;
				ASSETCATALOG_COMPILER_GLOBAL_ACCENT_COLOR_NAME = AccentColor;
				CODE_SIGN_STYLE = Automatic;
				CURRENT_PROJECT_VERSION = 1;
				DEVELOPMENT_TEAM = Z5SZ8N67M2;
				EXCLUDED_ARCHS = "";
				GENERATE_INFOPLIST_FILE = YES;
				INFOPLIST_FILE = Trippy/Info.plist;
				INFOPLIST_KEY_UIApplicationSupportsIndirectInputEvents = YES;
				INFOPLIST_KEY_UILaunchStoryboardName = LaunchScreen;
				INFOPLIST_KEY_UIMainStoryboardFile = Main;
				INFOPLIST_KEY_UISupportedInterfaceOrientations_iPad = "UIInterfaceOrientationPortrait UIInterfaceOrientationPortraitUpsideDown UIInterfaceOrientationLandscapeLeft UIInterfaceOrientationLandscapeRight";
				INFOPLIST_KEY_UISupportedInterfaceOrientations_iPhone = "UIInterfaceOrientationPortrait UIInterfaceOrientationLandscapeLeft UIInterfaceOrientationLandscapeRight";
				LD_RUNPATH_SEARCH_PATHS = (
					"$(inherited)",
					"@executable_path/Frameworks",
				);
				MARKETING_VERSION = 1.0;
				ONLY_ACTIVE_ARCH = NO;
				PRODUCT_BUNDLE_IDENTIFIER = com.codepath.czlu.Trippy;
				PRODUCT_NAME = "$(TARGET_NAME)";
				SWIFT_EMIT_LOC_STRINGS = YES;
				TARGETED_DEVICE_FAMILY = "1,2";
			};
			name = Release;
		};
		F0F335A32874A0EB00470507 /* Debug */ = {
			isa = XCBuildConfiguration;
			baseConfigurationReference = CCA5DB2AB9E0DEA96B5E2177 /* Pods-TrippyTests.debug.xcconfig */;
			buildSettings = {
				BUNDLE_LOADER = "$(TEST_HOST)";
				CODE_SIGN_STYLE = Automatic;
				CURRENT_PROJECT_VERSION = 1;
				DEVELOPMENT_TEAM = Z5SZ8N67M2;
				GENERATE_INFOPLIST_FILE = YES;
				IPHONEOS_DEPLOYMENT_TARGET = 15.5;
				MARKETING_VERSION = 1.0;
				PRODUCT_BUNDLE_IDENTIFIER = com.codepath.czlu.TrippyTests;
				PRODUCT_NAME = "$(TARGET_NAME)";
				SWIFT_EMIT_LOC_STRINGS = NO;
				TARGETED_DEVICE_FAMILY = "1,2";
				TEST_HOST = "$(BUILT_PRODUCTS_DIR)/Trippy.app/Trippy";
			};
			name = Debug;
		};
		F0F335A42874A0EB00470507 /* Release */ = {
			isa = XCBuildConfiguration;
			baseConfigurationReference = 21341CAF207ECB6E4069795F /* Pods-TrippyTests.release.xcconfig */;
			buildSettings = {
				BUNDLE_LOADER = "$(TEST_HOST)";
				CODE_SIGN_STYLE = Automatic;
				CURRENT_PROJECT_VERSION = 1;
				DEVELOPMENT_TEAM = Z5SZ8N67M2;
				GENERATE_INFOPLIST_FILE = YES;
				IPHONEOS_DEPLOYMENT_TARGET = 15.5;
				MARKETING_VERSION = 1.0;
				PRODUCT_BUNDLE_IDENTIFIER = com.codepath.czlu.TrippyTests;
				PRODUCT_NAME = "$(TARGET_NAME)";
				SWIFT_EMIT_LOC_STRINGS = NO;
				TARGETED_DEVICE_FAMILY = "1,2";
				TEST_HOST = "$(BUILT_PRODUCTS_DIR)/Trippy.app/Trippy";
			};
			name = Release;
		};
		F0F335A62874A0EB00470507 /* Debug */ = {
			isa = XCBuildConfiguration;
			baseConfigurationReference = 2A13D49510DDF03DBABB456F /* Pods-Trippy-TrippyUITests.debug.xcconfig */;
			buildSettings = {
				CODE_SIGN_STYLE = Automatic;
				CURRENT_PROJECT_VERSION = 1;
				DEVELOPMENT_TEAM = Z5SZ8N67M2;
				GENERATE_INFOPLIST_FILE = YES;
				MARKETING_VERSION = 1.0;
				PRODUCT_BUNDLE_IDENTIFIER = com.codepath.czlu.TrippyUITests;
				PRODUCT_NAME = "$(TARGET_NAME)";
				SWIFT_EMIT_LOC_STRINGS = NO;
				TARGETED_DEVICE_FAMILY = "1,2";
				TEST_TARGET_NAME = Trippy;
			};
			name = Debug;
		};
		F0F335A72874A0EB00470507 /* Release */ = {
			isa = XCBuildConfiguration;
			baseConfigurationReference = 4AAB8C2C2D2733EEBE11455F /* Pods-Trippy-TrippyUITests.release.xcconfig */;
			buildSettings = {
				CODE_SIGN_STYLE = Automatic;
				CURRENT_PROJECT_VERSION = 1;
				DEVELOPMENT_TEAM = Z5SZ8N67M2;
				GENERATE_INFOPLIST_FILE = YES;
				MARKETING_VERSION = 1.0;
				PRODUCT_BUNDLE_IDENTIFIER = com.codepath.czlu.TrippyUITests;
				PRODUCT_NAME = "$(TARGET_NAME)";
				SWIFT_EMIT_LOC_STRINGS = NO;
				TARGETED_DEVICE_FAMILY = "1,2";
				TEST_TARGET_NAME = Trippy;
			};
			name = Release;
		};
/* End XCBuildConfiguration section */

/* Begin XCConfigurationList section */
		F0F3356B2874A0E700470507 /* Build configuration list for PBXProject "Trippy" */ = {
			isa = XCConfigurationList;
			buildConfigurations = (
				F0F3359D2874A0EB00470507 /* Debug */,
				F0F3359E2874A0EB00470507 /* Release */,
			);
			defaultConfigurationIsVisible = 0;
			defaultConfigurationName = Release;
		};
		F0F3359F2874A0EB00470507 /* Build configuration list for PBXNativeTarget "Trippy" */ = {
			isa = XCConfigurationList;
			buildConfigurations = (
				F0F335A02874A0EB00470507 /* Debug */,
				F0F335A12874A0EB00470507 /* Release */,
			);
			defaultConfigurationIsVisible = 0;
			defaultConfigurationName = Release;
		};
		F0F335A22874A0EB00470507 /* Build configuration list for PBXNativeTarget "TrippyTests" */ = {
			isa = XCConfigurationList;
			buildConfigurations = (
				F0F335A32874A0EB00470507 /* Debug */,
				F0F335A42874A0EB00470507 /* Release */,
			);
			defaultConfigurationIsVisible = 0;
			defaultConfigurationName = Release;
		};
		F0F335A52874A0EB00470507 /* Build configuration list for PBXNativeTarget "TrippyUITests" */ = {
			isa = XCConfigurationList;
			buildConfigurations = (
				F0F335A62874A0EB00470507 /* Debug */,
				F0F335A72874A0EB00470507 /* Release */,
			);
			defaultConfigurationIsVisible = 0;
			defaultConfigurationName = Release;
		};
/* End XCConfigurationList section */
	};
	rootObject = F0F335682874A0E700470507 /* Project object */;
}
