// !$*UTF8*$!
{
	archiveVersion = 1;
	classes = {
	};
	objectVersion = 55;
	objects = {

/* Begin PBXBuildFile section */
		08C570CEEB81796F78D90125 /* Pods_TrippyTests.framework in Frameworks */ = {isa = PBXBuildFile; fileRef = DACCD3192C823EF35DC05DDD /* Pods_TrippyTests.framework */; };
		78661C10886E682EB8E1124C /* Pods_Trippy.framework in Frameworks */ = {isa = PBXBuildFile; fileRef = DCD6D797BDE2A5804AC47015 /* Pods_Trippy.framework */; };
		F0342E1E28946111006717CB /* DataModel.xcdatamodeld in Sources */ = {isa = PBXBuildFile; fileRef = F0342E1C28946111006717CB /* DataModel.xcdatamodeld */; };
		F06174A228888108005AF616 /* RoutesHandler.m in Sources */ = {isa = PBXBuildFile; fileRef = F06174A128888108005AF616 /* RoutesHandler.m */; };
		F06174A52888812C005AF616 /* RouteCell.m in Sources */ = {isa = PBXBuildFile; fileRef = F06174A42888812C005AF616 /* RouteCell.m */; };
		F06174AE2889B914005AF616 /* LocationOptionsViewController.m in Sources */ = {isa = PBXBuildFile; fileRef = F06174AD2889B914005AF616 /* LocationOptionsViewController.m */; };
		F0709D3E2889CCA400730D47 /* PriceUtils.m in Sources */ = {isa = PBXBuildFile; fileRef = F0709D3D2889CCA400730D47 /* PriceUtils.m */; };
		F079EF6F28986D6D00F9BAA7 /* paper_plane.gif in Resources */ = {isa = PBXBuildFile; fileRef = F079EF6E28986D6D00F9BAA7 /* paper_plane.gif */; };
		F079EF832899871C00F9BAA7 /* Reachability.m in Sources */ = {isa = PBXBuildFile; fileRef = F079EF812899871C00F9BAA7 /* Reachability.m */; };
		F079EF892899DEC800F9BAA7 /* ExploreViewController.m in Sources */ = {isa = PBXBuildFile; fileRef = F079EF882899DEC800F9BAA7 /* ExploreViewController.m */; };
		F079EF8C2899DEDA00F9BAA7 /* SegmentedViewController.m in Sources */ = {isa = PBXBuildFile; fileRef = F079EF8B2899DEDA00F9BAA7 /* SegmentedViewController.m */; };
		F079EF8F289AE7FC00F9BAA7 /* GeoDataHandler.m in Sources */ = {isa = PBXBuildFile; fileRef = F079EF8E289AE7FC00F9BAA7 /* GeoDataHandler.m */; };
		F079EF92289AEDA000F9BAA7 /* NearbyTripCollectionCell.m in Sources */ = {isa = PBXBuildFile; fileRef = F079EF91289AEDA000F9BAA7 /* NearbyTripCollectionCell.m */; };
		F079EF95289B010F00F9BAA7 /* LocationManager.m in Sources */ = {isa = PBXBuildFile; fileRef = F079EF94289B010F00F9BAA7 /* LocationManager.m */; };
		F079EF98289B1F6100F9BAA7 /* YelpAPIManager.m in Sources */ = {isa = PBXBuildFile; fileRef = F079EF97289B1F6100F9BAA7 /* YelpAPIManager.m */; };
		F079EF9B289B262300F9BAA7 /* YelpBusiness.m in Sources */ = {isa = PBXBuildFile; fileRef = F079EF9A289B262300F9BAA7 /* YelpBusiness.m */; };
		F079EF9E289B2A8300F9BAA7 /* YelpBusinessCell.m in Sources */ = {isa = PBXBuildFile; fileRef = F079EF9D289B2A8300F9BAA7 /* YelpBusinessCell.m */; };
		F079EFA3289DBAB100F9BAA7 /* main.js in Resources */ = {isa = PBXBuildFile; fileRef = F079EFA2289DBAB100F9BAA7 /* main.js */; };
		F07D030C288EFCE30049F355 /* RouteOption.m in Sources */ = {isa = PBXBuildFile; fileRef = F07D030B288EFCE30049F355 /* RouteOption.m */; };
		F07D030F288F07260049F355 /* ItineraryItemCell.m in Sources */ = {isa = PBXBuildFile; fileRef = F07D030E288F07260049F355 /* ItineraryItemCell.m */; };
		F07D0312288F07540049F355 /* ViewItineraryViewController.m in Sources */ = {isa = PBXBuildFile; fileRef = F07D0311288F07540049F355 /* ViewItineraryViewController.m */; };
		F07D031E288F48D60049F355 /* CoreDataHandler.m in Sources */ = {isa = PBXBuildFile; fileRef = F07D031D288F48D60049F355 /* CoreDataHandler.m */; };
		F07D0321289055D90049F355 /* CoreDataUtils.m in Sources */ = {isa = PBXBuildFile; fileRef = F07D0320289055D80049F355 /* CoreDataUtils.m */; };
		F07D032728919A7D0049F355 /* NetworkManager.m in Sources */ = {isa = PBXBuildFile; fileRef = F07D032628919A7D0049F355 /* NetworkManager.m */; };
		F0C30AF128A2D23A003F4740 /* LandingPageViewController.m in Sources */ = {isa = PBXBuildFile; fileRef = F0C30AF028A2D23A003F4740 /* LandingPageViewController.m */; };
		F0C75F6D287642C10015BB74 /* Keys.plist in Resources */ = {isa = PBXBuildFile; fileRef = F0C75F6C287642C10015BB74 /* Keys.plist */; };
		F0C75F72287747A20015BB74 /* LoginViewController.m in Sources */ = {isa = PBXBuildFile; fileRef = F0C75F71287747A20015BB74 /* LoginViewController.m */; };
		F0C75F7828775A680015BB74 /* SavedCollectionsViewController.m in Sources */ = {isa = PBXBuildFile; fileRef = F0C75F7728775A680015BB74 /* SavedCollectionsViewController.m */; };
		F0C75F83287786B60015BB74 /* MapItemListViewController.m in Sources */ = {isa = PBXBuildFile; fileRef = F0C75F82287786B60015BB74 /* MapItemListViewController.m */; };
		F0C75F86287786D70015BB74 /* StaticMapCell.m in Sources */ = {isa = PBXBuildFile; fileRef = F0C75F85287786D70015BB74 /* StaticMapCell.m */; };
		F0C75F92287799070015BB74 /* ParseUtils.m in Sources */ = {isa = PBXBuildFile; fileRef = F0C75F91287799070015BB74 /* ParseUtils.m */; };
		F0C75F982878D7750015BB74 /* CreateCollectionViewController.m in Sources */ = {isa = PBXBuildFile; fileRef = F0C75F972878D7750015BB74 /* CreateCollectionViewController.m */; };
		F0C75F9E287C9EBF0015BB74 /* SavedItinerariesViewController.m in Sources */ = {isa = PBXBuildFile; fileRef = F0C75F9D287C9EBF0015BB74 /* SavedItinerariesViewController.m */; };
		F0C75FA1287C9F4E0015BB74 /* CreateItineraryViewController.m in Sources */ = {isa = PBXBuildFile; fileRef = F0C75FA0287C9F4E0015BB74 /* CreateItineraryViewController.m */; };
		F0C75FA4287CA2430015BB74 /* ItineraryDetailViewController.m in Sources */ = {isa = PBXBuildFile; fileRef = F0C75FA3287CA2430015BB74 /* ItineraryDetailViewController.m */; };
		F0C75FBE287CE4CB0015BB74 /* MapsAPIManager.m in Sources */ = {isa = PBXBuildFile; fileRef = F0C75FBD287CE4CB0015BB74 /* MapsAPIManager.m */; };
		F0C75FE4287E3CB20015BB74 /* Itinerary.m in Sources */ = {isa = PBXBuildFile; fileRef = F0C75FDB287E3CB20015BB74 /* Itinerary.m */; };
		F0C75FE5287E3CB30015BB74 /* LocationCollection.m in Sources */ = {isa = PBXBuildFile; fileRef = F0C75FDD287E3CB20015BB74 /* LocationCollection.m */; };
		F0C75FE6287E3CB30015BB74 /* RouteStep.m in Sources */ = {isa = PBXBuildFile; fileRef = F0C75FE0287E3CB20015BB74 /* RouteStep.m */; };
		F0C75FE7287E3CB30015BB74 /* Location.m in Sources */ = {isa = PBXBuildFile; fileRef = F0C75FE1287E3CB20015BB74 /* Location.m */; };
		F0C75FE8287E3CB30015BB74 /* RouteLeg.m in Sources */ = {isa = PBXBuildFile; fileRef = F0C75FE3287E3CB20015BB74 /* RouteLeg.m */; };
		F0F335752874A0E700470507 /* AppDelegate.m in Sources */ = {isa = PBXBuildFile; fileRef = F0F335742874A0E700470507 /* AppDelegate.m */; };
		F0F335782874A0E700470507 /* SceneDelegate.m in Sources */ = {isa = PBXBuildFile; fileRef = F0F335772874A0E700470507 /* SceneDelegate.m */; };
		F0F3357B2874A0E700470507 /* SearchMapViewController.m in Sources */ = {isa = PBXBuildFile; fileRef = F0F3357A2874A0E700470507 /* SearchMapViewController.m */; };
		F0F3357E2874A0E700470507 /* Main.storyboard in Resources */ = {isa = PBXBuildFile; fileRef = F0F3357C2874A0E700470507 /* Main.storyboard */; };
		F0F335802874A0EB00470507 /* Assets.xcassets in Resources */ = {isa = PBXBuildFile; fileRef = F0F3357F2874A0EB00470507 /* Assets.xcassets */; };
		F0F335832874A0EB00470507 /* LaunchScreen.storyboard in Resources */ = {isa = PBXBuildFile; fileRef = F0F335812874A0EB00470507 /* LaunchScreen.storyboard */; };
		F0F335862874A0EB00470507 /* main.m in Sources */ = {isa = PBXBuildFile; fileRef = F0F335852874A0EB00470507 /* main.m */; };
		F0F335902874A0EB00470507 /* TrippyTests.m in Sources */ = {isa = PBXBuildFile; fileRef = F0F3358F2874A0EB00470507 /* TrippyTests.m */; };
		F0F3359A2874A0EB00470507 /* TrippyUITests.m in Sources */ = {isa = PBXBuildFile; fileRef = F0F335992874A0EB00470507 /* TrippyUITests.m */; };
		F0F3359C2874A0EB00470507 /* TrippyUITestsLaunchTests.m in Sources */ = {isa = PBXBuildFile; fileRef = F0F3359B2874A0EB00470507 /* TrippyUITestsLaunchTests.m */; };
		F0F335AE2875F0B400470507 /* SelectableMap.m in Sources */ = {isa = PBXBuildFile; fileRef = F0F335AD2875F0B400470507 /* SelectableMap.m */; };
		F0F335B72875F2E100470507 /* MapUtils.m in Sources */ = {isa = PBXBuildFile; fileRef = F0F335B62875F2E100470507 /* MapUtils.m */; };
		F0F657FB28807E9000C04AB0 /* EditingItineraryViewController.m in Sources */ = {isa = PBXBuildFile; fileRef = F0F657FA28807E9000C04AB0 /* EditingItineraryViewController.m */; };
		F0F657FE288082E900C04AB0 /* EditPlaceCell.m in Sources */ = {isa = PBXBuildFile; fileRef = F0F657FD288082E900C04AB0 /* EditPlaceCell.m */; };
		F0F658012880DB2600C04AB0 /* DateUtils.m in Sources */ = {isa = PBXBuildFile; fileRef = F0F658002880DB2600C04AB0 /* DateUtils.m */; };
		F0F658042881D08A00C04AB0 /* WaypointPreferencesViewController.m in Sources */ = {isa = PBXBuildFile; fileRef = F0F658032881D08A00C04AB0 /* WaypointPreferencesViewController.m */; };
		F0F658092887158000C04AB0 /* TSPUtils.m in Sources */ = {isa = PBXBuildFile; fileRef = F0F658082887158000C04AB0 /* TSPUtils.m */; };
		F0F6580C2887221900C04AB0 /* ItinerarySettingsViewController.m in Sources */ = {isa = PBXBuildFile; fileRef = F0F6580B2887221900C04AB0 /* ItinerarySettingsViewController.m */; };
		F0F6580F28887F1700C04AB0 /* ChooseRouteViewController.m in Sources */ = {isa = PBXBuildFile; fileRef = F0F6580E28887F1700C04AB0 /* ChooseRouteViewController.m */; };
		F0F6581928887FEE00C04AB0 /* LogoutHandler.m in Sources */ = {isa = PBXBuildFile; fileRef = F0F6581328887FED00C04AB0 /* LogoutHandler.m */; };
		F0F6581A28887FEE00C04AB0 /* CacheDataHandler.m in Sources */ = {isa = PBXBuildFile; fileRef = F0F6581428887FED00C04AB0 /* CacheDataHandler.m */; };
		F0F6581B28887FEE00C04AB0 /* UserAuthHandler.m in Sources */ = {isa = PBXBuildFile; fileRef = F0F6581528887FED00C04AB0 /* UserAuthHandler.m */; };
		F0F6581E2888804E00C04AB0 /* WaypointPreferences.m in Sources */ = {isa = PBXBuildFile; fileRef = F0F6581C2888804E00C04AB0 /* WaypointPreferences.m */; };
		FED82F2F74A69C665F7637DE /* Pods_Trippy_TrippyUITests.framework in Frameworks */ = {isa = PBXBuildFile; fileRef = CBFD6FD215C55391F69C0E9B /* Pods_Trippy_TrippyUITests.framework */; };
/* End PBXBuildFile section */

/* Begin PBXContainerItemProxy section */
		F0F3358C2874A0EB00470507 /* PBXContainerItemProxy */ = {
			isa = PBXContainerItemProxy;
			containerPortal = F0F335682874A0E700470507 /* Project object */;
			proxyType = 1;
			remoteGlobalIDString = F0F3356F2874A0E700470507;
			remoteInfo = Trippy;
		};
		F0F335962874A0EB00470507 /* PBXContainerItemProxy */ = {
			isa = PBXContainerItemProxy;
			containerPortal = F0F335682874A0E700470507 /* Project object */;
			proxyType = 1;
			remoteGlobalIDString = F0F3356F2874A0E700470507;
			remoteInfo = Trippy;
		};
/* End PBXContainerItemProxy section */

/* Begin PBXFileReference section */
		21341CAF207ECB6E4069795F /* Pods-TrippyTests.release.xcconfig */ = {isa = PBXFileReference; includeInIndex = 1; lastKnownFileType = text.xcconfig; name = "Pods-TrippyTests.release.xcconfig"; path = "Target Support Files/Pods-TrippyTests/Pods-TrippyTests.release.xcconfig"; sourceTree = "<group>"; };
		2A13D49510DDF03DBABB456F /* Pods-Trippy-TrippyUITests.debug.xcconfig */ = {isa = PBXFileReference; includeInIndex = 1; lastKnownFileType = text.xcconfig; name = "Pods-Trippy-TrippyUITests.debug.xcconfig"; path = "Target Support Files/Pods-Trippy-TrippyUITests/Pods-Trippy-TrippyUITests.debug.xcconfig"; sourceTree = "<group>"; };
		4AAB8C2C2D2733EEBE11455F /* Pods-Trippy-TrippyUITests.release.xcconfig */ = {isa = PBXFileReference; includeInIndex = 1; lastKnownFileType = text.xcconfig; name = "Pods-Trippy-TrippyUITests.release.xcconfig"; path = "Target Support Files/Pods-Trippy-TrippyUITests/Pods-Trippy-TrippyUITests.release.xcconfig"; sourceTree = "<group>"; };
		B8D3E6DA2519CA6D60DBFF53 /* Pods-Trippy.debug.xcconfig */ = {isa = PBXFileReference; includeInIndex = 1; lastKnownFileType = text.xcconfig; name = "Pods-Trippy.debug.xcconfig"; path = "Target Support Files/Pods-Trippy/Pods-Trippy.debug.xcconfig"; sourceTree = "<group>"; };
		C453D7B45B0BB1D11B0EE346 /* Pods-Trippy.release.xcconfig */ = {isa = PBXFileReference; includeInIndex = 1; lastKnownFileType = text.xcconfig; name = "Pods-Trippy.release.xcconfig"; path = "Target Support Files/Pods-Trippy/Pods-Trippy.release.xcconfig"; sourceTree = "<group>"; };
		CBFD6FD215C55391F69C0E9B /* Pods_Trippy_TrippyUITests.framework */ = {isa = PBXFileReference; explicitFileType = wrapper.framework; includeInIndex = 0; path = Pods_Trippy_TrippyUITests.framework; sourceTree = BUILT_PRODUCTS_DIR; };
		CCA5DB2AB9E0DEA96B5E2177 /* Pods-TrippyTests.debug.xcconfig */ = {isa = PBXFileReference; includeInIndex = 1; lastKnownFileType = text.xcconfig; name = "Pods-TrippyTests.debug.xcconfig"; path = "Target Support Files/Pods-TrippyTests/Pods-TrippyTests.debug.xcconfig"; sourceTree = "<group>"; };
		DACCD3192C823EF35DC05DDD /* Pods_TrippyTests.framework */ = {isa = PBXFileReference; explicitFileType = wrapper.framework; includeInIndex = 0; path = Pods_TrippyTests.framework; sourceTree = BUILT_PRODUCTS_DIR; };
		DCD6D797BDE2A5804AC47015 /* Pods_Trippy.framework */ = {isa = PBXFileReference; explicitFileType = wrapper.framework; includeInIndex = 0; path = Pods_Trippy.framework; sourceTree = BUILT_PRODUCTS_DIR; };
		F0342E1D28946111006717CB /* DataModel.xcdatamodel */ = {isa = PBXFileReference; lastKnownFileType = wrapper.xcdatamodel; path = DataModel.xcdatamodel; sourceTree = "<group>"; };
		F06174A028888108005AF616 /* RoutesHandler.h */ = {isa = PBXFileReference; lastKnownFileType = sourcecode.c.h; path = RoutesHandler.h; sourceTree = "<group>"; };
		F06174A128888108005AF616 /* RoutesHandler.m */ = {isa = PBXFileReference; lastKnownFileType = sourcecode.c.objc; path = RoutesHandler.m; sourceTree = "<group>"; };
		F06174A32888812C005AF616 /* RouteCell.h */ = {isa = PBXFileReference; lastKnownFileType = sourcecode.c.h; path = RouteCell.h; sourceTree = "<group>"; };
		F06174A42888812C005AF616 /* RouteCell.m */ = {isa = PBXFileReference; lastKnownFileType = sourcecode.c.objc; path = RouteCell.m; sourceTree = "<group>"; };
		F06174AC2889B914005AF616 /* LocationOptionsViewController.h */ = {isa = PBXFileReference; lastKnownFileType = sourcecode.c.h; path = LocationOptionsViewController.h; sourceTree = "<group>"; };
		F06174AD2889B914005AF616 /* LocationOptionsViewController.m */ = {isa = PBXFileReference; lastKnownFileType = sourcecode.c.objc; path = LocationOptionsViewController.m; sourceTree = "<group>"; };
		F0709D3C2889CCA400730D47 /* PriceUtils.h */ = {isa = PBXFileReference; lastKnownFileType = sourcecode.c.h; path = PriceUtils.h; sourceTree = "<group>"; };
		F0709D3D2889CCA400730D47 /* PriceUtils.m */ = {isa = PBXFileReference; lastKnownFileType = sourcecode.c.objc; path = PriceUtils.m; sourceTree = "<group>"; };
		F079EF6E28986D6D00F9BAA7 /* paper_plane.gif */ = {isa = PBXFileReference; lastKnownFileType = image.gif; path = paper_plane.gif; sourceTree = "<group>"; };
		F079EF812899871C00F9BAA7 /* Reachability.m */ = {isa = PBXFileReference; lastKnownFileType = sourcecode.c.objc; path = Reachability.m; sourceTree = "<group>"; };
		F079EF822899871C00F9BAA7 /* Reachability.h */ = {isa = PBXFileReference; lastKnownFileType = sourcecode.c.h; path = Reachability.h; sourceTree = "<group>"; };
		F079EF872899DEC800F9BAA7 /* ExploreViewController.h */ = {isa = PBXFileReference; lastKnownFileType = sourcecode.c.h; path = ExploreViewController.h; sourceTree = "<group>"; };
		F079EF882899DEC800F9BAA7 /* ExploreViewController.m */ = {isa = PBXFileReference; lastKnownFileType = sourcecode.c.objc; path = ExploreViewController.m; sourceTree = "<group>"; };
		F079EF8A2899DEDA00F9BAA7 /* SegmentedViewController.h */ = {isa = PBXFileReference; lastKnownFileType = sourcecode.c.h; path = SegmentedViewController.h; sourceTree = "<group>"; };
		F079EF8B2899DEDA00F9BAA7 /* SegmentedViewController.m */ = {isa = PBXFileReference; lastKnownFileType = sourcecode.c.objc; path = SegmentedViewController.m; sourceTree = "<group>"; };
		F079EF8D289AE7FC00F9BAA7 /* GeoDataHandler.h */ = {isa = PBXFileReference; lastKnownFileType = sourcecode.c.h; path = GeoDataHandler.h; sourceTree = "<group>"; };
		F079EF8E289AE7FC00F9BAA7 /* GeoDataHandler.m */ = {isa = PBXFileReference; lastKnownFileType = sourcecode.c.objc; path = GeoDataHandler.m; sourceTree = "<group>"; };
		F079EF90289AEDA000F9BAA7 /* NearbyTripCollectionCell.h */ = {isa = PBXFileReference; lastKnownFileType = sourcecode.c.h; path = NearbyTripCollectionCell.h; sourceTree = "<group>"; };
		F079EF91289AEDA000F9BAA7 /* NearbyTripCollectionCell.m */ = {isa = PBXFileReference; lastKnownFileType = sourcecode.c.objc; path = NearbyTripCollectionCell.m; sourceTree = "<group>"; };
		F079EF93289B010F00F9BAA7 /* LocationManager.h */ = {isa = PBXFileReference; lastKnownFileType = sourcecode.c.h; path = LocationManager.h; sourceTree = "<group>"; };
		F079EF94289B010F00F9BAA7 /* LocationManager.m */ = {isa = PBXFileReference; lastKnownFileType = sourcecode.c.objc; path = LocationManager.m; sourceTree = "<group>"; };
		F079EF96289B1F6100F9BAA7 /* YelpAPIManager.h */ = {isa = PBXFileReference; lastKnownFileType = sourcecode.c.h; path = YelpAPIManager.h; sourceTree = "<group>"; };
		F079EF97289B1F6100F9BAA7 /* YelpAPIManager.m */ = {isa = PBXFileReference; lastKnownFileType = sourcecode.c.objc; path = YelpAPIManager.m; sourceTree = "<group>"; };
		F079EF99289B262300F9BAA7 /* YelpBusiness.h */ = {isa = PBXFileReference; lastKnownFileType = sourcecode.c.h; name = YelpBusiness.h; path = Trippy/Models/YelpBusiness.h; sourceTree = "<group>"; };
		F079EF9A289B262300F9BAA7 /* YelpBusiness.m */ = {isa = PBXFileReference; lastKnownFileType = sourcecode.c.objc; name = YelpBusiness.m; path = Trippy/Models/YelpBusiness.m; sourceTree = "<group>"; };
		F079EF9C289B2A8300F9BAA7 /* YelpBusinessCell.h */ = {isa = PBXFileReference; lastKnownFileType = sourcecode.c.h; path = YelpBusinessCell.h; sourceTree = "<group>"; };
		F079EF9D289B2A8300F9BAA7 /* YelpBusinessCell.m */ = {isa = PBXFileReference; lastKnownFileType = sourcecode.c.objc; path = YelpBusinessCell.m; sourceTree = "<group>"; };
		F079EFA2289DBAB100F9BAA7 /* main.js */ = {isa = PBXFileReference; lastKnownFileType = sourcecode.javascript; path = main.js; sourceTree = "<group>"; };
		F07D030A288EFCE30049F355 /* RouteOption.h */ = {isa = PBXFileReference; fileEncoding = 4; lastKnownFileType = sourcecode.c.h; name = RouteOption.h; path = Trippy/Models/RouteOption.h; sourceTree = "<group>"; };
		F07D030B288EFCE30049F355 /* RouteOption.m */ = {isa = PBXFileReference; fileEncoding = 4; lastKnownFileType = sourcecode.c.objc; name = RouteOption.m; path = Trippy/Models/RouteOption.m; sourceTree = "<group>"; };
		F07D030D288F07260049F355 /* ItineraryItemCell.h */ = {isa = PBXFileReference; lastKnownFileType = sourcecode.c.h; path = ItineraryItemCell.h; sourceTree = "<group>"; };
		F07D030E288F07260049F355 /* ItineraryItemCell.m */ = {isa = PBXFileReference; lastKnownFileType = sourcecode.c.objc; path = ItineraryItemCell.m; sourceTree = "<group>"; };
		F07D0310288F07540049F355 /* ViewItineraryViewController.h */ = {isa = PBXFileReference; lastKnownFileType = sourcecode.c.h; path = ViewItineraryViewController.h; sourceTree = "<group>"; };
		F07D0311288F07540049F355 /* ViewItineraryViewController.m */ = {isa = PBXFileReference; lastKnownFileType = sourcecode.c.objc; path = ViewItineraryViewController.m; sourceTree = "<group>"; };
		F07D031C288F48D60049F355 /* CoreDataHandler.h */ = {isa = PBXFileReference; lastKnownFileType = sourcecode.c.h; path = CoreDataHandler.h; sourceTree = "<group>"; };
		F07D031D288F48D60049F355 /* CoreDataHandler.m */ = {isa = PBXFileReference; lastKnownFileType = sourcecode.c.objc; path = CoreDataHandler.m; sourceTree = "<group>"; };
		F07D031F289055D80049F355 /* CoreDataUtils.h */ = {isa = PBXFileReference; lastKnownFileType = sourcecode.c.h; path = CoreDataUtils.h; sourceTree = "<group>"; };
		F07D0320289055D80049F355 /* CoreDataUtils.m */ = {isa = PBXFileReference; lastKnownFileType = sourcecode.c.objc; path = CoreDataUtils.m; sourceTree = "<group>"; };
		F07D032528919A7D0049F355 /* NetworkManager.h */ = {isa = PBXFileReference; lastKnownFileType = sourcecode.c.h; path = NetworkManager.h; sourceTree = "<group>"; };
		F07D032628919A7D0049F355 /* NetworkManager.m */ = {isa = PBXFileReference; lastKnownFileType = sourcecode.c.objc; path = NetworkManager.m; sourceTree = "<group>"; };
		F0C30AEF28A2D23A003F4740 /* LandingPageViewController.h */ = {isa = PBXFileReference; lastKnownFileType = sourcecode.c.h; path = LandingPageViewController.h; sourceTree = "<group>"; };
		F0C30AF028A2D23A003F4740 /* LandingPageViewController.m */ = {isa = PBXFileReference; lastKnownFileType = sourcecode.c.objc; path = LandingPageViewController.m; sourceTree = "<group>"; };
		F0C75F6C287642C10015BB74 /* Keys.plist */ = {isa = PBXFileReference; lastKnownFileType = text.plist.xml; path = Keys.plist; sourceTree = "<group>"; };
		F0C75F70287747A20015BB74 /* LoginViewController.h */ = {isa = PBXFileReference; lastKnownFileType = sourcecode.c.h; path = LoginViewController.h; sourceTree = "<group>"; };
		F0C75F71287747A20015BB74 /* LoginViewController.m */ = {isa = PBXFileReference; lastKnownFileType = sourcecode.c.objc; path = LoginViewController.m; sourceTree = "<group>"; };
		F0C75F7628775A680015BB74 /* SavedCollectionsViewController.h */ = {isa = PBXFileReference; lastKnownFileType = sourcecode.c.h; path = SavedCollectionsViewController.h; sourceTree = "<group>"; };
		F0C75F7728775A680015BB74 /* SavedCollectionsViewController.m */ = {isa = PBXFileReference; lastKnownFileType = sourcecode.c.objc; path = SavedCollectionsViewController.m; sourceTree = "<group>"; };
		F0C75F81287786B60015BB74 /* MapItemListViewController.h */ = {isa = PBXFileReference; lastKnownFileType = sourcecode.c.h; path = MapItemListViewController.h; sourceTree = "<group>"; };
		F0C75F82287786B60015BB74 /* MapItemListViewController.m */ = {isa = PBXFileReference; lastKnownFileType = sourcecode.c.objc; path = MapItemListViewController.m; sourceTree = "<group>"; };
		F0C75F84287786D70015BB74 /* StaticMapCell.h */ = {isa = PBXFileReference; lastKnownFileType = sourcecode.c.h; path = StaticMapCell.h; sourceTree = "<group>"; };
		F0C75F85287786D70015BB74 /* StaticMapCell.m */ = {isa = PBXFileReference; lastKnownFileType = sourcecode.c.objc; path = StaticMapCell.m; sourceTree = "<group>"; };
		F0C75F90287799070015BB74 /* ParseUtils.h */ = {isa = PBXFileReference; lastKnownFileType = sourcecode.c.h; path = ParseUtils.h; sourceTree = "<group>"; };
		F0C75F91287799070015BB74 /* ParseUtils.m */ = {isa = PBXFileReference; lastKnownFileType = sourcecode.c.objc; path = ParseUtils.m; sourceTree = "<group>"; };
		F0C75F962878D7750015BB74 /* CreateCollectionViewController.h */ = {isa = PBXFileReference; lastKnownFileType = sourcecode.c.h; path = CreateCollectionViewController.h; sourceTree = "<group>"; };
		F0C75F972878D7750015BB74 /* CreateCollectionViewController.m */ = {isa = PBXFileReference; lastKnownFileType = sourcecode.c.objc; path = CreateCollectionViewController.m; sourceTree = "<group>"; };
		F0C75F9C287C9EBF0015BB74 /* SavedItinerariesViewController.h */ = {isa = PBXFileReference; lastKnownFileType = sourcecode.c.h; path = SavedItinerariesViewController.h; sourceTree = "<group>"; };
		F0C75F9D287C9EBF0015BB74 /* SavedItinerariesViewController.m */ = {isa = PBXFileReference; lastKnownFileType = sourcecode.c.objc; path = SavedItinerariesViewController.m; sourceTree = "<group>"; };
		F0C75F9F287C9F4E0015BB74 /* CreateItineraryViewController.h */ = {isa = PBXFileReference; lastKnownFileType = sourcecode.c.h; path = CreateItineraryViewController.h; sourceTree = "<group>"; };
		F0C75FA0287C9F4E0015BB74 /* CreateItineraryViewController.m */ = {isa = PBXFileReference; lastKnownFileType = sourcecode.c.objc; path = CreateItineraryViewController.m; sourceTree = "<group>"; };
		F0C75FA2287CA2430015BB74 /* ItineraryDetailViewController.h */ = {isa = PBXFileReference; lastKnownFileType = sourcecode.c.h; path = ItineraryDetailViewController.h; sourceTree = "<group>"; };
		F0C75FA3287CA2430015BB74 /* ItineraryDetailViewController.m */ = {isa = PBXFileReference; lastKnownFileType = sourcecode.c.objc; path = ItineraryDetailViewController.m; sourceTree = "<group>"; };
		F0C75FBC287CE4CB0015BB74 /* MapsAPIManager.h */ = {isa = PBXFileReference; lastKnownFileType = sourcecode.c.h; path = MapsAPIManager.h; sourceTree = "<group>"; };
		F0C75FBD287CE4CB0015BB74 /* MapsAPIManager.m */ = {isa = PBXFileReference; lastKnownFileType = sourcecode.c.objc; path = MapsAPIManager.m; sourceTree = "<group>"; };
		F0C75FDA287E3CB20015BB74 /* Location.h */ = {isa = PBXFileReference; fileEncoding = 4; lastKnownFileType = sourcecode.c.h; name = Location.h; path = Trippy/Models/Location.h; sourceTree = "<group>"; };
		F0C75FDB287E3CB20015BB74 /* Itinerary.m */ = {isa = PBXFileReference; fileEncoding = 4; lastKnownFileType = sourcecode.c.objc; name = Itinerary.m; path = Trippy/Models/Itinerary.m; sourceTree = "<group>"; };
		F0C75FDC287E3CB20015BB74 /* LocationCollection.h */ = {isa = PBXFileReference; fileEncoding = 4; lastKnownFileType = sourcecode.c.h; name = LocationCollection.h; path = Trippy/Models/LocationCollection.h; sourceTree = "<group>"; };
		F0C75FDD287E3CB20015BB74 /* LocationCollection.m */ = {isa = PBXFileReference; fileEncoding = 4; lastKnownFileType = sourcecode.c.objc; name = LocationCollection.m; path = Trippy/Models/LocationCollection.m; sourceTree = "<group>"; };
		F0C75FDE287E3CB20015BB74 /* Itinerary.h */ = {isa = PBXFileReference; fileEncoding = 4; lastKnownFileType = sourcecode.c.h; name = Itinerary.h; path = Trippy/Models/Itinerary.h; sourceTree = "<group>"; };
		F0C75FDF287E3CB20015BB74 /* RouteStep.h */ = {isa = PBXFileReference; fileEncoding = 4; lastKnownFileType = sourcecode.c.h; name = RouteStep.h; path = Trippy/Models/RouteStep.h; sourceTree = "<group>"; };
		F0C75FE0287E3CB20015BB74 /* RouteStep.m */ = {isa = PBXFileReference; fileEncoding = 4; lastKnownFileType = sourcecode.c.objc; name = RouteStep.m; path = Trippy/Models/RouteStep.m; sourceTree = "<group>"; };
		F0C75FE1287E3CB20015BB74 /* Location.m */ = {isa = PBXFileReference; fileEncoding = 4; lastKnownFileType = sourcecode.c.objc; name = Location.m; path = Trippy/Models/Location.m; sourceTree = "<group>"; };
		F0C75FE2287E3CB20015BB74 /* RouteLeg.h */ = {isa = PBXFileReference; fileEncoding = 4; lastKnownFileType = sourcecode.c.h; name = RouteLeg.h; path = Trippy/Models/RouteLeg.h; sourceTree = "<group>"; };
		F0C75FE3287E3CB20015BB74 /* RouteLeg.m */ = {isa = PBXFileReference; fileEncoding = 4; lastKnownFileType = sourcecode.c.objc; name = RouteLeg.m; path = Trippy/Models/RouteLeg.m; sourceTree = "<group>"; };
		F0F335702874A0E700470507 /* Trippy.app */ = {isa = PBXFileReference; explicitFileType = wrapper.application; includeInIndex = 0; path = Trippy.app; sourceTree = BUILT_PRODUCTS_DIR; };
		F0F335732874A0E700470507 /* AppDelegate.h */ = {isa = PBXFileReference; lastKnownFileType = sourcecode.c.h; path = AppDelegate.h; sourceTree = "<group>"; };
		F0F335742874A0E700470507 /* AppDelegate.m */ = {isa = PBXFileReference; lastKnownFileType = sourcecode.c.objc; path = AppDelegate.m; sourceTree = "<group>"; };
		F0F335762874A0E700470507 /* SceneDelegate.h */ = {isa = PBXFileReference; lastKnownFileType = sourcecode.c.h; path = SceneDelegate.h; sourceTree = "<group>"; };
		F0F335772874A0E700470507 /* SceneDelegate.m */ = {isa = PBXFileReference; lastKnownFileType = sourcecode.c.objc; path = SceneDelegate.m; sourceTree = "<group>"; };
		F0F335792874A0E700470507 /* SearchMapViewController.h */ = {isa = PBXFileReference; lastKnownFileType = sourcecode.c.h; path = SearchMapViewController.h; sourceTree = "<group>"; };
		F0F3357A2874A0E700470507 /* SearchMapViewController.m */ = {isa = PBXFileReference; lastKnownFileType = sourcecode.c.objc; path = SearchMapViewController.m; sourceTree = "<group>"; };
		F0F3357D2874A0E700470507 /* Base */ = {isa = PBXFileReference; lastKnownFileType = file.storyboard; name = Base; path = Base.lproj/Main.storyboard; sourceTree = "<group>"; };
		F0F3357F2874A0EB00470507 /* Assets.xcassets */ = {isa = PBXFileReference; lastKnownFileType = folder.assetcatalog; path = Assets.xcassets; sourceTree = "<group>"; };
		F0F335822874A0EB00470507 /* Base */ = {isa = PBXFileReference; lastKnownFileType = file.storyboard; name = Base; path = Base.lproj/LaunchScreen.storyboard; sourceTree = "<group>"; };
		F0F335842874A0EB00470507 /* Info.plist */ = {isa = PBXFileReference; lastKnownFileType = text.plist.xml; path = Info.plist; sourceTree = "<group>"; };
		F0F335852874A0EB00470507 /* main.m */ = {isa = PBXFileReference; lastKnownFileType = sourcecode.c.objc; path = main.m; sourceTree = "<group>"; };
		F0F3358B2874A0EB00470507 /* TrippyTests.xctest */ = {isa = PBXFileReference; explicitFileType = wrapper.cfbundle; includeInIndex = 0; path = TrippyTests.xctest; sourceTree = BUILT_PRODUCTS_DIR; };
		F0F3358F2874A0EB00470507 /* TrippyTests.m */ = {isa = PBXFileReference; lastKnownFileType = sourcecode.c.objc; path = TrippyTests.m; sourceTree = "<group>"; };
		F0F335952874A0EB00470507 /* TrippyUITests.xctest */ = {isa = PBXFileReference; explicitFileType = wrapper.cfbundle; includeInIndex = 0; path = TrippyUITests.xctest; sourceTree = BUILT_PRODUCTS_DIR; };
		F0F335992874A0EB00470507 /* TrippyUITests.m */ = {isa = PBXFileReference; lastKnownFileType = sourcecode.c.objc; path = TrippyUITests.m; sourceTree = "<group>"; };
		F0F3359B2874A0EB00470507 /* TrippyUITestsLaunchTests.m */ = {isa = PBXFileReference; lastKnownFileType = sourcecode.c.objc; path = TrippyUITestsLaunchTests.m; sourceTree = "<group>"; };
		F0F335AC2875F0B400470507 /* SelectableMap.h */ = {isa = PBXFileReference; lastKnownFileType = sourcecode.c.h; path = SelectableMap.h; sourceTree = "<group>"; };
		F0F335AD2875F0B400470507 /* SelectableMap.m */ = {isa = PBXFileReference; lastKnownFileType = sourcecode.c.objc; path = SelectableMap.m; sourceTree = "<group>"; };
		F0F335B52875F2E100470507 /* MapUtils.h */ = {isa = PBXFileReference; lastKnownFileType = sourcecode.c.h; path = MapUtils.h; sourceTree = "<group>"; };
		F0F335B62875F2E100470507 /* MapUtils.m */ = {isa = PBXFileReference; lastKnownFileType = sourcecode.c.objc; path = MapUtils.m; sourceTree = "<group>"; };
		F0F657F928807E9000C04AB0 /* EditingItineraryViewController.h */ = {isa = PBXFileReference; lastKnownFileType = sourcecode.c.h; path = EditingItineraryViewController.h; sourceTree = "<group>"; };
		F0F657FA28807E9000C04AB0 /* EditingItineraryViewController.m */ = {isa = PBXFileReference; lastKnownFileType = sourcecode.c.objc; path = EditingItineraryViewController.m; sourceTree = "<group>"; };
		F0F657FC288082E900C04AB0 /* EditPlaceCell.h */ = {isa = PBXFileReference; lastKnownFileType = sourcecode.c.h; path = EditPlaceCell.h; sourceTree = "<group>"; };
		F0F657FD288082E900C04AB0 /* EditPlaceCell.m */ = {isa = PBXFileReference; lastKnownFileType = sourcecode.c.objc; path = EditPlaceCell.m; sourceTree = "<group>"; };
		F0F657FF2880DB2600C04AB0 /* DateUtils.h */ = {isa = PBXFileReference; lastKnownFileType = sourcecode.c.h; path = DateUtils.h; sourceTree = "<group>"; };
		F0F658002880DB2600C04AB0 /* DateUtils.m */ = {isa = PBXFileReference; lastKnownFileType = sourcecode.c.objc; path = DateUtils.m; sourceTree = "<group>"; };
		F0F658022881D08A00C04AB0 /* WaypointPreferencesViewController.h */ = {isa = PBXFileReference; lastKnownFileType = sourcecode.c.h; path = WaypointPreferencesViewController.h; sourceTree = "<group>"; };
		F0F658032881D08A00C04AB0 /* WaypointPreferencesViewController.m */ = {isa = PBXFileReference; lastKnownFileType = sourcecode.c.objc; path = WaypointPreferencesViewController.m; sourceTree = "<group>"; };
		F0F6580528860EED00C04AB0 /* or-tools_MacOsX-12.2.1_v9.3.10497 */ = {isa = PBXFileReference; lastKnownFileType = folder; path = "or-tools_MacOsX-12.2.1_v9.3.10497"; sourceTree = "<group>"; };
		F0F658072887158000C04AB0 /* TSPUtils.h */ = {isa = PBXFileReference; lastKnownFileType = sourcecode.c.h; path = TSPUtils.h; sourceTree = "<group>"; };
		F0F658082887158000C04AB0 /* TSPUtils.m */ = {isa = PBXFileReference; lastKnownFileType = sourcecode.c.objc; path = TSPUtils.m; sourceTree = "<group>"; };
		F0F6580A2887221900C04AB0 /* ItinerarySettingsViewController.h */ = {isa = PBXFileReference; lastKnownFileType = sourcecode.c.h; path = ItinerarySettingsViewController.h; sourceTree = "<group>"; };
		F0F6580B2887221900C04AB0 /* ItinerarySettingsViewController.m */ = {isa = PBXFileReference; lastKnownFileType = sourcecode.c.objc; path = ItinerarySettingsViewController.m; sourceTree = "<group>"; };
		F0F6580D28887F1700C04AB0 /* ChooseRouteViewController.h */ = {isa = PBXFileReference; lastKnownFileType = sourcecode.c.h; path = ChooseRouteViewController.h; sourceTree = "<group>"; };
		F0F6580E28887F1700C04AB0 /* ChooseRouteViewController.m */ = {isa = PBXFileReference; lastKnownFileType = sourcecode.c.objc; path = ChooseRouteViewController.m; sourceTree = "<group>"; };
		F0F6581328887FED00C04AB0 /* LogoutHandler.m */ = {isa = PBXFileReference; fileEncoding = 4; lastKnownFileType = sourcecode.c.objc; path = LogoutHandler.m; sourceTree = "<group>"; };
		F0F6581428887FED00C04AB0 /* CacheDataHandler.m */ = {isa = PBXFileReference; fileEncoding = 4; lastKnownFileType = sourcecode.c.objc; path = CacheDataHandler.m; sourceTree = "<group>"; };
		F0F6581528887FED00C04AB0 /* UserAuthHandler.m */ = {isa = PBXFileReference; fileEncoding = 4; lastKnownFileType = sourcecode.c.objc; path = UserAuthHandler.m; sourceTree = "<group>"; };
		F0F6581628887FED00C04AB0 /* CacheDataHandler.h */ = {isa = PBXFileReference; fileEncoding = 4; lastKnownFileType = sourcecode.c.h; path = CacheDataHandler.h; sourceTree = "<group>"; };
		F0F6581728887FED00C04AB0 /* LogoutHandler.h */ = {isa = PBXFileReference; fileEncoding = 4; lastKnownFileType = sourcecode.c.h; path = LogoutHandler.h; sourceTree = "<group>"; };
		F0F6581828887FEE00C04AB0 /* UserAuthHandler.h */ = {isa = PBXFileReference; fileEncoding = 4; lastKnownFileType = sourcecode.c.h; path = UserAuthHandler.h; sourceTree = "<group>"; };
		F0F6581C2888804E00C04AB0 /* WaypointPreferences.m */ = {isa = PBXFileReference; fileEncoding = 4; lastKnownFileType = sourcecode.c.objc; name = WaypointPreferences.m; path = Trippy/Models/WaypointPreferences.m; sourceTree = "<group>"; };
		F0F6581D2888804E00C04AB0 /* WaypointPreferences.h */ = {isa = PBXFileReference; fileEncoding = 4; lastKnownFileType = sourcecode.c.h; name = WaypointPreferences.h; path = Trippy/Models/WaypointPreferences.h; sourceTree = "<group>"; };
/* End PBXFileReference section */

/* Begin PBXFrameworksBuildPhase section */
		36DDFBC4B3579BC3A055A145 /* Frameworks */ = {
			isa = PBXFrameworksBuildPhase;
			buildActionMask = 2147483647;
			files = (
				78661C10886E682EB8E1124C /* Pods_Trippy.framework in Frameworks */,
			);
			runOnlyForDeploymentPostprocessing = 0;
		};
		F0F335882874A0EB00470507 /* Frameworks */ = {
			isa = PBXFrameworksBuildPhase;
			buildActionMask = 2147483647;
			files = (
				08C570CEEB81796F78D90125 /* Pods_TrippyTests.framework in Frameworks */,
			);
			runOnlyForDeploymentPostprocessing = 0;
		};
		F0F335922874A0EB00470507 /* Frameworks */ = {
			isa = PBXFrameworksBuildPhase;
			buildActionMask = 2147483647;
			files = (
				FED82F2F74A69C665F7637DE /* Pods_Trippy_TrippyUITests.framework in Frameworks */,
			);
			runOnlyForDeploymentPostprocessing = 0;
		};
/* End PBXFrameworksBuildPhase section */

/* Begin PBXGroup section */
		0EB03A504895C37D109920AC /* Frameworks */ = {
			isa = PBXGroup;
			children = (
				F0F6580528860EED00C04AB0 /* or-tools_MacOsX-12.2.1_v9.3.10497 */,
				DCD6D797BDE2A5804AC47015 /* Pods_Trippy.framework */,
				CBFD6FD215C55391F69C0E9B /* Pods_Trippy_TrippyUITests.framework */,
				DACCD3192C823EF35DC05DDD /* Pods_TrippyTests.framework */,
			);
			name = Frameworks;
			sourceTree = "<group>";
		};
		978D6A90CDC7054F7DED69E4 /* Pods */ = {
			isa = PBXGroup;
			children = (
				B8D3E6DA2519CA6D60DBFF53 /* Pods-Trippy.debug.xcconfig */,
				C453D7B45B0BB1D11B0EE346 /* Pods-Trippy.release.xcconfig */,
				2A13D49510DDF03DBABB456F /* Pods-Trippy-TrippyUITests.debug.xcconfig */,
				4AAB8C2C2D2733EEBE11455F /* Pods-Trippy-TrippyUITests.release.xcconfig */,
				CCA5DB2AB9E0DEA96B5E2177 /* Pods-TrippyTests.debug.xcconfig */,
				21341CAF207ECB6E4069795F /* Pods-TrippyTests.release.xcconfig */,
			);
			path = Pods;
			sourceTree = "<group>";
		};
		F079EF732898797C00F9BAA7 /* Assets */ = {
			isa = PBXGroup;
			children = (
				F0F3357F2874A0EB00470507 /* Assets.xcassets */,
				F079EF6E28986D6D00F9BAA7 /* paper_plane.gif */,
			);
			path = Assets;
			sourceTree = "<group>";
		};
		F079EF842899872900F9BAA7 /* External Libraries */ = {
			isa = PBXGroup;
			children = (
				F079EF822899871C00F9BAA7 /* Reachability.h */,
				F079EF812899871C00F9BAA7 /* Reachability.m */,
			);
			path = "External Libraries";
			sourceTree = "<group>";
		};
		F079EF852899DE8100F9BAA7 /* Saved Items Tab */ = {
			isa = PBXGroup;
			children = (
				F0C75FA5287CC1BA0015BB74 /* Collections Tab */,
				F0C75FA8287CC2020015BB74 /* Itinerary Tab */,
				F079EF8A2899DEDA00F9BAA7 /* SegmentedViewController.h */,
				F079EF8B2899DEDA00F9BAA7 /* SegmentedViewController.m */,
			);
			path = "Saved Items Tab";
			sourceTree = "<group>";
		};
		F079EF862899DEB300F9BAA7 /* Explore Tab */ = {
			isa = PBXGroup;
			children = (
				F079EF872899DEC800F9BAA7 /* ExploreViewController.h */,
				F079EF882899DEC800F9BAA7 /* ExploreViewController.m */,
			);
			path = "Explore Tab";
			sourceTree = "<group>";
		};
		F079EFA1289DBA9800F9BAA7 /* ParseCloud */ = {
			isa = PBXGroup;
			children = (
				F079EFA2289DBAB100F9BAA7 /* main.js */,
			);
			path = ParseCloud;
			sourceTree = "<group>";
		};
		F0C75FA5287CC1BA0015BB74 /* Collections Tab */ = {
			isa = PBXGroup;
			children = (
				F0C75F7628775A680015BB74 /* SavedCollectionsViewController.h */,
				F0C75F7728775A680015BB74 /* SavedCollectionsViewController.m */,
				F0C75F962878D7750015BB74 /* CreateCollectionViewController.h */,
				F0C75F972878D7750015BB74 /* CreateCollectionViewController.m */,
			);
			path = "Collections Tab";
			sourceTree = "<group>";
		};
		F0C75FA6287CC1D50015BB74 /* Locate Tab */ = {
			isa = PBXGroup;
			children = (
				F0F335792874A0E700470507 /* SearchMapViewController.h */,
				F0F3357A2874A0E700470507 /* SearchMapViewController.m */,
				F06174AC2889B914005AF616 /* LocationOptionsViewController.h */,
				F06174AD2889B914005AF616 /* LocationOptionsViewController.m */,
			);
			path = "Locate Tab";
			sourceTree = "<group>";
		};
		F0C75FA7287CC1EC0015BB74 /* Login */ = {
			isa = PBXGroup;
			children = (
				F0C75F70287747A20015BB74 /* LoginViewController.h */,
				F0C75F71287747A20015BB74 /* LoginViewController.m */,
				F0C30AEF28A2D23A003F4740 /* LandingPageViewController.h */,
				F0C30AF028A2D23A003F4740 /* LandingPageViewController.m */,
			);
			path = Login;
			sourceTree = "<group>";
		};
		F0C75FA8287CC2020015BB74 /* Itinerary Tab */ = {
			isa = PBXGroup;
			children = (
				F0C75F9C287C9EBF0015BB74 /* SavedItinerariesViewController.h */,
				F0C75F9D287C9EBF0015BB74 /* SavedItinerariesViewController.m */,
				F0C75F9F287C9F4E0015BB74 /* CreateItineraryViewController.h */,
				F0C75FA0287C9F4E0015BB74 /* CreateItineraryViewController.m */,
				F0C75FA2287CA2430015BB74 /* ItineraryDetailViewController.h */,
				F0C75FA3287CA2430015BB74 /* ItineraryDetailViewController.m */,
				F0F657F928807E9000C04AB0 /* EditingItineraryViewController.h */,
				F0F657FA28807E9000C04AB0 /* EditingItineraryViewController.m */,
				F0F6580A2887221900C04AB0 /* ItinerarySettingsViewController.h */,
				F0F6580B2887221900C04AB0 /* ItinerarySettingsViewController.m */,
				F0F658022881D08A00C04AB0 /* WaypointPreferencesViewController.h */,
				F0F658032881D08A00C04AB0 /* WaypointPreferencesViewController.m */,
				F0F6580D28887F1700C04AB0 /* ChooseRouteViewController.h */,
				F0F6580E28887F1700C04AB0 /* ChooseRouteViewController.m */,
				F07D0310288F07540049F355 /* ViewItineraryViewController.h */,
				F07D0311288F07540049F355 /* ViewItineraryViewController.m */,
			);
			path = "Itinerary Tab";
			sourceTree = "<group>";
		};
		F0C75FA9287CC2190015BB74 /* Templates */ = {
			isa = PBXGroup;
			children = (
				F0C75F81287786B60015BB74 /* MapItemListViewController.h */,
				F0C75F82287786B60015BB74 /* MapItemListViewController.m */,
			);
			path = Templates;
			sourceTree = "<group>";
		};
		F0F335672874A0E700470507 = {
			isa = PBXGroup;
			children = (
				F0F335722874A0E700470507 /* Trippy */,
				F0F3358E2874A0EB00470507 /* TrippyTests */,
				F0F335982874A0EB00470507 /* TrippyUITests */,
				F0F335712874A0E700470507 /* Products */,
				978D6A90CDC7054F7DED69E4 /* Pods */,
				0EB03A504895C37D109920AC /* Frameworks */,
			);
			sourceTree = "<group>";
		};
		F0F335712874A0E700470507 /* Products */ = {
			isa = PBXGroup;
			children = (
				F0F335702874A0E700470507 /* Trippy.app */,
				F0F3358B2874A0EB00470507 /* TrippyTests.xctest */,
				F0F335952874A0EB00470507 /* TrippyUITests.xctest */,
			);
			name = Products;
			sourceTree = "<group>";
		};
		F0F335722874A0E700470507 /* Trippy */ = {
			isa = PBXGroup;
			children = (
				F079EFA1289DBA9800F9BAA7 /* ParseCloud */,
				F079EF842899872900F9BAA7 /* External Libraries */,
				F079EF732898797C00F9BAA7 /* Assets */,
				F0F6581228887FE000C04AB0 /* Handlers */,
				F0F335B42875F2BD00470507 /* Utils */,
				F0F335AB2875F08D00470507 /* API */,
				F0F335A92875F07300470507 /* View Controllers */,
				F0F335A82875F06900470507 /* Views */,
				F0F335AA2875F08500470507 /* Models */,
				F0F335732874A0E700470507 /* AppDelegate.h */,
				F0F335742874A0E700470507 /* AppDelegate.m */,
				F0F335762874A0E700470507 /* SceneDelegate.h */,
				F0F335772874A0E700470507 /* SceneDelegate.m */,
				F0F3357C2874A0E700470507 /* Main.storyboard */,
				F0F335812874A0EB00470507 /* LaunchScreen.storyboard */,
				F0F335842874A0EB00470507 /* Info.plist */,
				F0C75F6C287642C10015BB74 /* Keys.plist */,
				F0F335852874A0EB00470507 /* main.m */,
				F0342E1C28946111006717CB /* DataModel.xcdatamodeld */,
			);
			path = Trippy;
			sourceTree = "<group>";
		};
		F0F3358E2874A0EB00470507 /* TrippyTests */ = {
			isa = PBXGroup;
			children = (
				F0F3358F2874A0EB00470507 /* TrippyTests.m */,
			);
			path = TrippyTests;
			sourceTree = "<group>";
		};
		F0F335982874A0EB00470507 /* TrippyUITests */ = {
			isa = PBXGroup;
			children = (
				F0F335992874A0EB00470507 /* TrippyUITests.m */,
				F0F3359B2874A0EB00470507 /* TrippyUITestsLaunchTests.m */,
			);
			path = TrippyUITests;
			sourceTree = "<group>";
		};
		F0F335A82875F06900470507 /* Views */ = {
			isa = PBXGroup;
			children = (
				F0F335AC2875F0B400470507 /* SelectableMap.h */,
				F0F335AD2875F0B400470507 /* SelectableMap.m */,
				F0C75F84287786D70015BB74 /* StaticMapCell.h */,
				F0C75F85287786D70015BB74 /* StaticMapCell.m */,
				F0F657FC288082E900C04AB0 /* EditPlaceCell.h */,
				F0F657FD288082E900C04AB0 /* EditPlaceCell.m */,
				F06174A32888812C005AF616 /* RouteCell.h */,
				F06174A42888812C005AF616 /* RouteCell.m */,
				F07D030D288F07260049F355 /* ItineraryItemCell.h */,
				F07D030E288F07260049F355 /* ItineraryItemCell.m */,
				F079EF90289AEDA000F9BAA7 /* NearbyTripCollectionCell.h */,
				F079EF91289AEDA000F9BAA7 /* NearbyTripCollectionCell.m */,
				F079EF9C289B2A8300F9BAA7 /* YelpBusinessCell.h */,
				F079EF9D289B2A8300F9BAA7 /* YelpBusinessCell.m */,
			);
			path = Views;
			sourceTree = "<group>";
		};
		F0F335A92875F07300470507 /* View Controllers */ = {
			isa = PBXGroup;
			children = (
				F079EF862899DEB300F9BAA7 /* Explore Tab */,
				F0C75FA6287CC1D50015BB74 /* Locate Tab */,
				F079EF852899DE8100F9BAA7 /* Saved Items Tab */,
				F0C75FA9287CC2190015BB74 /* Templates */,
				F0C75FA7287CC1EC0015BB74 /* Login */,
			);
			path = "View Controllers";
			sourceTree = "<group>";
		};
		F0F335AA2875F08500470507 /* Models */ = {
			isa = PBXGroup;
			children = (
				F07D030A288EFCE30049F355 /* RouteOption.h */,
				F07D030B288EFCE30049F355 /* RouteOption.m */,
				F0F6581D2888804E00C04AB0 /* WaypointPreferences.h */,
				F0F6581C2888804E00C04AB0 /* WaypointPreferences.m */,
				F0C75FDE287E3CB20015BB74 /* Itinerary.h */,
				F0C75FDB287E3CB20015BB74 /* Itinerary.m */,
				F0C75FE2287E3CB20015BB74 /* RouteLeg.h */,
				F0C75FE3287E3CB20015BB74 /* RouteLeg.m */,
				F0C75FDF287E3CB20015BB74 /* RouteStep.h */,
				F0C75FE0287E3CB20015BB74 /* RouteStep.m */,
				F0C75FDA287E3CB20015BB74 /* Location.h */,
				F0C75FE1287E3CB20015BB74 /* Location.m */,
				F0C75FDC287E3CB20015BB74 /* LocationCollection.h */,
				F0C75FDD287E3CB20015BB74 /* LocationCollection.m */,
				F079EF99289B262300F9BAA7 /* YelpBusiness.h */,
				F079EF9A289B262300F9BAA7 /* YelpBusiness.m */,
			);
			name = Models;
			path = ..;
			sourceTree = "<group>";
		};
		F0F335AB2875F08D00470507 /* API */ = {
			isa = PBXGroup;
			children = (
				F0C75FBC287CE4CB0015BB74 /* MapsAPIManager.h */,
				F0C75FBD287CE4CB0015BB74 /* MapsAPIManager.m */,
				F07D032528919A7D0049F355 /* NetworkManager.h */,
				F07D032628919A7D0049F355 /* NetworkManager.m */,
				F079EF93289B010F00F9BAA7 /* LocationManager.h */,
				F079EF94289B010F00F9BAA7 /* LocationManager.m */,
				F079EF96289B1F6100F9BAA7 /* YelpAPIManager.h */,
				F079EF97289B1F6100F9BAA7 /* YelpAPIManager.m */,
			);
			path = API;
			sourceTree = "<group>";
		};
		F0F335B42875F2BD00470507 /* Utils */ = {
			isa = PBXGroup;
			children = (
				F0F335B52875F2E100470507 /* MapUtils.h */,
				F0F335B62875F2E100470507 /* MapUtils.m */,
				F0C75F90287799070015BB74 /* ParseUtils.h */,
				F0C75F91287799070015BB74 /* ParseUtils.m */,
				F0F657FF2880DB2600C04AB0 /* DateUtils.h */,
				F0F658002880DB2600C04AB0 /* DateUtils.m */,
				F0F658072887158000C04AB0 /* TSPUtils.h */,
				F0F658082887158000C04AB0 /* TSPUtils.m */,
				F0709D3C2889CCA400730D47 /* PriceUtils.h */,
				F0709D3D2889CCA400730D47 /* PriceUtils.m */,
				F07D031F289055D80049F355 /* CoreDataUtils.h */,
				F07D0320289055D80049F355 /* CoreDataUtils.m */,
			);
			path = Utils;
			sourceTree = "<group>";
		};
		F0F6581228887FE000C04AB0 /* Handlers */ = {
			isa = PBXGroup;
			children = (
				F0F6581628887FED00C04AB0 /* CacheDataHandler.h */,
				F0F6581428887FED00C04AB0 /* CacheDataHandler.m */,
				F0F6581728887FED00C04AB0 /* LogoutHandler.h */,
				F0F6581328887FED00C04AB0 /* LogoutHandler.m */,
				F0F6581828887FEE00C04AB0 /* UserAuthHandler.h */,
				F0F6581528887FED00C04AB0 /* UserAuthHandler.m */,
				F06174A028888108005AF616 /* RoutesHandler.h */,
				F06174A128888108005AF616 /* RoutesHandler.m */,
				F07D031C288F48D60049F355 /* CoreDataHandler.h */,
				F07D031D288F48D60049F355 /* CoreDataHandler.m */,
				F079EF8D289AE7FC00F9BAA7 /* GeoDataHandler.h */,
				F079EF8E289AE7FC00F9BAA7 /* GeoDataHandler.m */,
			);
			path = Handlers;
			sourceTree = "<group>";
		};
/* End PBXGroup section */

/* Begin PBXNativeTarget section */
		F0F3356F2874A0E700470507 /* Trippy */ = {
			isa = PBXNativeTarget;
			buildConfigurationList = F0F3359F2874A0EB00470507 /* Build configuration list for PBXNativeTarget "Trippy" */;
			buildPhases = (
				B537E7CDA10A5A5375CBB1B1 /* [CP] Check Pods Manifest.lock */,
				F0F3356C2874A0E700470507 /* Sources */,
				F0F3356E2874A0E700470507 /* Resources */,
				BB65531D2EA9A338829A7822 /* [CP] Copy Pods Resources */,
				3EA6F545ABC7A3854617FBC0 /* [CP] Embed Pods Frameworks */,
				36DDFBC4B3579BC3A055A145 /* Frameworks */,
			);
			buildRules = (
			);
			dependencies = (
			);
			name = Trippy;
			productName = Trippy;
			productReference = F0F335702874A0E700470507 /* Trippy.app */;
			productType = "com.apple.product-type.application";
		};
		F0F3358A2874A0EB00470507 /* TrippyTests */ = {
			isa = PBXNativeTarget;
			buildConfigurationList = F0F335A22874A0EB00470507 /* Build configuration list for PBXNativeTarget "TrippyTests" */;
			buildPhases = (
				23F7B8E7C48B2158A2AF1B16 /* [CP] Check Pods Manifest.lock */,
				F0F335872874A0EB00470507 /* Sources */,
				F0F335882874A0EB00470507 /* Frameworks */,
				F0F335892874A0EB00470507 /* Resources */,
			);
			buildRules = (
			);
			dependencies = (
				F0F3358D2874A0EB00470507 /* PBXTargetDependency */,
			);
			name = TrippyTests;
			productName = TrippyTests;
			productReference = F0F3358B2874A0EB00470507 /* TrippyTests.xctest */;
			productType = "com.apple.product-type.bundle.unit-test";
		};
		F0F335942874A0EB00470507 /* TrippyUITests */ = {
			isa = PBXNativeTarget;
			buildConfigurationList = F0F335A52874A0EB00470507 /* Build configuration list for PBXNativeTarget "TrippyUITests" */;
			buildPhases = (
				6AE3A40332FC33E9E1F6D24E /* [CP] Check Pods Manifest.lock */,
				F0F335912874A0EB00470507 /* Sources */,
				F0F335922874A0EB00470507 /* Frameworks */,
				F0F335932874A0EB00470507 /* Resources */,
				ADFF6EB938B042EA126F5A26 /* [CP] Copy Pods Resources */,
				07F5870F5C80D262FF5F7108 /* [CP] Embed Pods Frameworks */,
			);
			buildRules = (
			);
			dependencies = (
				F0F335972874A0EB00470507 /* PBXTargetDependency */,
			);
			name = TrippyUITests;
			productName = TrippyUITests;
			productReference = F0F335952874A0EB00470507 /* TrippyUITests.xctest */;
			productType = "com.apple.product-type.bundle.ui-testing";
		};
/* End PBXNativeTarget section */

/* Begin PBXProject section */
		F0F335682874A0E700470507 /* Project object */ = {
			isa = PBXProject;
			attributes = {
				BuildIndependentTargetsInParallel = 1;
				LastUpgradeCheck = 1340;
				TargetAttributes = {
					F0F3356F2874A0E700470507 = {
						CreatedOnToolsVersion = 13.4.1;
					};
					F0F3358A2874A0EB00470507 = {
						CreatedOnToolsVersion = 13.4.1;
						TestTargetID = F0F3356F2874A0E700470507;
					};
					F0F335942874A0EB00470507 = {
						CreatedOnToolsVersion = 13.4.1;
						TestTargetID = F0F3356F2874A0E700470507;
					};
				};
			};
			buildConfigurationList = F0F3356B2874A0E700470507 /* Build configuration list for PBXProject "Trippy" */;
			compatibilityVersion = "Xcode 13.0";
			developmentRegion = en;
			hasScannedForEncodings = 0;
			knownRegions = (
				en,
				Base,
			);
			mainGroup = F0F335672874A0E700470507;
			productRefGroup = F0F335712874A0E700470507 /* Products */;
			projectDirPath = "";
			projectRoot = "";
			targets = (
				F0F3356F2874A0E700470507 /* Trippy */,
				F0F3358A2874A0EB00470507 /* TrippyTests */,
				F0F335942874A0EB00470507 /* TrippyUITests */,
			);
		};
/* End PBXProject section */

/* Begin PBXResourcesBuildPhase section */
		F0F3356E2874A0E700470507 /* Resources */ = {
			isa = PBXResourcesBuildPhase;
			buildActionMask = 2147483647;
			files = (
				F079EF6F28986D6D00F9BAA7 /* paper_plane.gif in Resources */,
				F0C75F6D287642C10015BB74 /* Keys.plist in Resources */,
				F0F335832874A0EB00470507 /* LaunchScreen.storyboard in Resources */,
				F079EFA3289DBAB100F9BAA7 /* main.js in Resources */,
				F0F335802874A0EB00470507 /* Assets.xcassets in Resources */,
				F0F3357E2874A0E700470507 /* Main.storyboard in Resources */,
			);
			runOnlyForDeploymentPostprocessing = 0;
		};
		F0F335892874A0EB00470507 /* Resources */ = {
			isa = PBXResourcesBuildPhase;
			buildActionMask = 2147483647;
			files = (
			);
			runOnlyForDeploymentPostprocessing = 0;
		};
		F0F335932874A0EB00470507 /* Resources */ = {
			isa = PBXResourcesBuildPhase;
			buildActionMask = 2147483647;
			files = (
			);
			runOnlyForDeploymentPostprocessing = 0;
		};
/* End PBXResourcesBuildPhase section */

/* Begin PBXShellScriptBuildPhase section */
		07F5870F5C80D262FF5F7108 /* [CP] Embed Pods Frameworks */ = {
			isa = PBXShellScriptBuildPhase;
			buildActionMask = 2147483647;
			files = (
			);
			inputFileListPaths = (
				"${PODS_ROOT}/Target Support Files/Pods-Trippy-TrippyUITests/Pods-Trippy-TrippyUITests-frameworks-${CONFIGURATION}-input-files.xcfilelist",
			);
			name = "[CP] Embed Pods Frameworks";
			outputFileListPaths = (
				"${PODS_ROOT}/Target Support Files/Pods-Trippy-TrippyUITests/Pods-Trippy-TrippyUITests-frameworks-${CONFIGURATION}-output-files.xcfilelist",
			);
			runOnlyForDeploymentPostprocessing = 0;
			shellPath = /bin/sh;
			shellScript = "\"${PODS_ROOT}/Target Support Files/Pods-Trippy-TrippyUITests/Pods-Trippy-TrippyUITests-frameworks.sh\"\n";
			showEnvVarsInLog = 0;
		};
		23F7B8E7C48B2158A2AF1B16 /* [CP] Check Pods Manifest.lock */ = {
			isa = PBXShellScriptBuildPhase;
			buildActionMask = 2147483647;
			files = (
			);
			inputFileListPaths = (
			);
			inputPaths = (
				"${PODS_PODFILE_DIR_PATH}/Podfile.lock",
				"${PODS_ROOT}/Manifest.lock",
			);
			name = "[CP] Check Pods Manifest.lock";
			outputFileListPaths = (
			);
			outputPaths = (
				"$(DERIVED_FILE_DIR)/Pods-TrippyTests-checkManifestLockResult.txt",
			);
			runOnlyForDeploymentPostprocessing = 0;
			shellPath = /bin/sh;
			shellScript = "diff \"${PODS_PODFILE_DIR_PATH}/Podfile.lock\" \"${PODS_ROOT}/Manifest.lock\" > /dev/null\nif [ $? != 0 ] ; then\n    # print error to STDERR\n    echo \"error: The sandbox is not in sync with the Podfile.lock. Run 'pod install' or update your CocoaPods installation.\" >&2\n    exit 1\nfi\n# This output is used by Xcode 'outputs' to avoid re-running this script phase.\necho \"SUCCESS\" > \"${SCRIPT_OUTPUT_FILE_0}\"\n";
			showEnvVarsInLog = 0;
		};
		3EA6F545ABC7A3854617FBC0 /* [CP] Embed Pods Frameworks */ = {
			isa = PBXShellScriptBuildPhase;
			buildActionMask = 2147483647;
			files = (
			);
			inputFileListPaths = (
				"${PODS_ROOT}/Target Support Files/Pods-Trippy/Pods-Trippy-frameworks-${CONFIGURATION}-input-files.xcfilelist",
			);
			name = "[CP] Embed Pods Frameworks";
			outputFileListPaths = (
				"${PODS_ROOT}/Target Support Files/Pods-Trippy/Pods-Trippy-frameworks-${CONFIGURATION}-output-files.xcfilelist",
			);
			runOnlyForDeploymentPostprocessing = 0;
			shellPath = /bin/sh;
			shellScript = "\"${PODS_ROOT}/Target Support Files/Pods-Trippy/Pods-Trippy-frameworks.sh\"\n";
			showEnvVarsInLog = 0;
		};
		6AE3A40332FC33E9E1F6D24E /* [CP] Check Pods Manifest.lock */ = {
			isa = PBXShellScriptBuildPhase;
			buildActionMask = 2147483647;
			files = (
			);
			inputFileListPaths = (
			);
			inputPaths = (
				"${PODS_PODFILE_DIR_PATH}/Podfile.lock",
				"${PODS_ROOT}/Manifest.lock",
			);
			name = "[CP] Check Pods Manifest.lock";
			outputFileListPaths = (
			);
			outputPaths = (
				"$(DERIVED_FILE_DIR)/Pods-Trippy-TrippyUITests-checkManifestLockResult.txt",
			);
			runOnlyForDeploymentPostprocessing = 0;
			shellPath = /bin/sh;
			shellScript = "diff \"${PODS_PODFILE_DIR_PATH}/Podfile.lock\" \"${PODS_ROOT}/Manifest.lock\" > /dev/null\nif [ $? != 0 ] ; then\n    # print error to STDERR\n    echo \"error: The sandbox is not in sync with the Podfile.lock. Run 'pod install' or update your CocoaPods installation.\" >&2\n    exit 1\nfi\n# This output is used by Xcode 'outputs' to avoid re-running this script phase.\necho \"SUCCESS\" > \"${SCRIPT_OUTPUT_FILE_0}\"\n";
			showEnvVarsInLog = 0;
		};
		ADFF6EB938B042EA126F5A26 /* [CP] Copy Pods Resources */ = {
			isa = PBXShellScriptBuildPhase;
			buildActionMask = 2147483647;
			files = (
			);
			inputFileListPaths = (
				"${PODS_ROOT}/Target Support Files/Pods-Trippy-TrippyUITests/Pods-Trippy-TrippyUITests-resources-${CONFIGURATION}-input-files.xcfilelist",
			);
			name = "[CP] Copy Pods Resources";
			outputFileListPaths = (
				"${PODS_ROOT}/Target Support Files/Pods-Trippy-TrippyUITests/Pods-Trippy-TrippyUITests-resources-${CONFIGURATION}-output-files.xcfilelist",
			);
			runOnlyForDeploymentPostprocessing = 0;
			shellPath = /bin/sh;
			shellScript = "\"${PODS_ROOT}/Target Support Files/Pods-Trippy-TrippyUITests/Pods-Trippy-TrippyUITests-resources.sh\"\n";
			showEnvVarsInLog = 0;
		};
		B537E7CDA10A5A5375CBB1B1 /* [CP] Check Pods Manifest.lock */ = {
			isa = PBXShellScriptBuildPhase;
			buildActionMask = 2147483647;
			files = (
			);
			inputFileListPaths = (
			);
			inputPaths = (
				"${PODS_PODFILE_DIR_PATH}/Podfile.lock",
				"${PODS_ROOT}/Manifest.lock",
			);
			name = "[CP] Check Pods Manifest.lock";
			outputFileListPaths = (
			);
			outputPaths = (
				"$(DERIVED_FILE_DIR)/Pods-Trippy-checkManifestLockResult.txt",
			);
			runOnlyForDeploymentPostprocessing = 0;
			shellPath = /bin/sh;
			shellScript = "diff \"${PODS_PODFILE_DIR_PATH}/Podfile.lock\" \"${PODS_ROOT}/Manifest.lock\" > /dev/null\nif [ $? != 0 ] ; then\n    # print error to STDERR\n    echo \"error: The sandbox is not in sync with the Podfile.lock. Run 'pod install' or update your CocoaPods installation.\" >&2\n    exit 1\nfi\n# This output is used by Xcode 'outputs' to avoid re-running this script phase.\necho \"SUCCESS\" > \"${SCRIPT_OUTPUT_FILE_0}\"\n";
			showEnvVarsInLog = 0;
		};
		BB65531D2EA9A338829A7822 /* [CP] Copy Pods Resources */ = {
			isa = PBXShellScriptBuildPhase;
			buildActionMask = 2147483647;
			files = (
			);
			inputFileListPaths = (
				"${PODS_ROOT}/Target Support Files/Pods-Trippy/Pods-Trippy-resources-${CONFIGURATION}-input-files.xcfilelist",
			);
			name = "[CP] Copy Pods Resources";
			outputFileListPaths = (
				"${PODS_ROOT}/Target Support Files/Pods-Trippy/Pods-Trippy-resources-${CONFIGURATION}-output-files.xcfilelist",
			);
			runOnlyForDeploymentPostprocessing = 0;
			shellPath = /bin/sh;
			shellScript = "\"${PODS_ROOT}/Target Support Files/Pods-Trippy/Pods-Trippy-resources.sh\"\n";
			showEnvVarsInLog = 0;
		};
/* End PBXShellScriptBuildPhase section */

/* Begin PBXSourcesBuildPhase section */
		F0F3356C2874A0E700470507 /* Sources */ = {
			isa = PBXSourcesBuildPhase;
			buildActionMask = 2147483647;
			files = (
				F0F6580C2887221900C04AB0 /* ItinerarySettingsViewController.m in Sources */,
				F0C75F72287747A20015BB74 /* LoginViewController.m in Sources */,
				F0F657FE288082E900C04AB0 /* EditPlaceCell.m in Sources */,
				F0F6581E2888804E00C04AB0 /* WaypointPreferences.m in Sources */,
				F0F3357B2874A0E700470507 /* SearchMapViewController.m in Sources */,
				F0F6580F28887F1700C04AB0 /* ChooseRouteViewController.m in Sources */,
				F0342E1E28946111006717CB /* DataModel.xcdatamodeld in Sources */,
				F0C75F982878D7750015BB74 /* CreateCollectionViewController.m in Sources */,
				F079EF95289B010F00F9BAA7 /* LocationManager.m in Sources */,
				F0C75F92287799070015BB74 /* ParseUtils.m in Sources */,
				F07D032728919A7D0049F355 /* NetworkManager.m in Sources */,
				F0F658042881D08A00C04AB0 /* WaypointPreferencesViewController.m in Sources */,
				F0C75F9E287C9EBF0015BB74 /* SavedItinerariesViewController.m in Sources */,
				F07D030C288EFCE30049F355 /* RouteOption.m in Sources */,
				F0C75FA1287C9F4E0015BB74 /* CreateItineraryViewController.m in Sources */,
				F0C75FA4287CA2430015BB74 /* ItineraryDetailViewController.m in Sources */,
				F0C75F83287786B60015BB74 /* MapItemListViewController.m in Sources */,
				F0F335752874A0E700470507 /* AppDelegate.m in Sources */,
				F0C75FE6287E3CB30015BB74 /* RouteStep.m in Sources */,
				F079EF9E289B2A8300F9BAA7 /* YelpBusinessCell.m in Sources */,
				F0C75F7828775A680015BB74 /* SavedCollectionsViewController.m in Sources */,
				F0F6581928887FEE00C04AB0 /* LogoutHandler.m in Sources */,
				F0C30AF128A2D23A003F4740 /* LandingPageViewController.m in Sources */,
				F06174AE2889B914005AF616 /* LocationOptionsViewController.m in Sources */,
				F079EF8F289AE7FC00F9BAA7 /* GeoDataHandler.m in Sources */,
				F0F335AE2875F0B400470507 /* SelectableMap.m in Sources */,
				F079EF98289B1F6100F9BAA7 /* YelpAPIManager.m in Sources */,
				F0F335B72875F2E100470507 /* MapUtils.m in Sources */,
				F0F335862874A0EB00470507 /* main.m in Sources */,
				F0F657FB28807E9000C04AB0 /* EditingItineraryViewController.m in Sources */,
				F079EF892899DEC800F9BAA7 /* ExploreViewController.m in Sources */,
				F06174A228888108005AF616 /* RoutesHandler.m in Sources */,
				F0C75F86287786D70015BB74 /* StaticMapCell.m in Sources */,
				F0C75FE4287E3CB20015BB74 /* Itinerary.m in Sources */,
				F079EF8C2899DEDA00F9BAA7 /* SegmentedViewController.m in Sources */,
				F0F658092887158000C04AB0 /* TSPUtils.m in Sources */,
				F06174A52888812C005AF616 /* RouteCell.m in Sources */,
				F079EF92289AEDA000F9BAA7 /* NearbyTripCollectionCell.m in Sources */,
				F0F6581A28887FEE00C04AB0 /* CacheDataHandler.m in Sources */,
				F07D0312288F07540049F355 /* ViewItineraryViewController.m in Sources */,
				F0C75FE8287E3CB30015BB74 /* RouteLeg.m in Sources */,
				F0C75FE7287E3CB30015BB74 /* Location.m in Sources */,
				F079EF832899871C00F9BAA7 /* Reachability.m in Sources */,
				F0F6581B28887FEE00C04AB0 /* UserAuthHandler.m in Sources */,
				F079EF9B289B262300F9BAA7 /* YelpBusiness.m in Sources */,
				F0C75FBE287CE4CB0015BB74 /* MapsAPIManager.m in Sources */,
				F0709D3E2889CCA400730D47 /* PriceUtils.m in Sources */,
				F07D031E288F48D60049F355 /* CoreDataHandler.m in Sources */,
				F07D030F288F07260049F355 /* ItineraryItemCell.m in Sources */,
				F0F658012880DB2600C04AB0 /* DateUtils.m in Sources */,
				F0F335782874A0E700470507 /* SceneDelegate.m in Sources */,
				F07D0321289055D90049F355 /* CoreDataUtils.m in Sources */,
				F0C75FE5287E3CB30015BB74 /* LocationCollection.m in Sources */,
			);
			runOnlyForDeploymentPostprocessing = 0;
		};
		F0F335872874A0EB00470507 /* Sources */ = {
			isa = PBXSourcesBuildPhase;
			buildActionMask = 2147483647;
			files = (
				F0F335902874A0EB00470507 /* TrippyTests.m in Sources */,
			);
			runOnlyForDeploymentPostprocessing = 0;
		};
		F0F335912874A0EB00470507 /* Sources */ = {
			isa = PBXSourcesBuildPhase;
			buildActionMask = 2147483647;
			files = (
				F0F3359C2874A0EB00470507 /* TrippyUITestsLaunchTests.m in Sources */,
				F0F3359A2874A0EB00470507 /* TrippyUITests.m in Sources */,
			);
			runOnlyForDeploymentPostprocessing = 0;
		};
/* End PBXSourcesBuildPhase section */

/* Begin PBXTargetDependency section */
		F0F3358D2874A0EB00470507 /* PBXTargetDependency */ = {
			isa = PBXTargetDependency;
			target = F0F3356F2874A0E700470507 /* Trippy */;
			targetProxy = F0F3358C2874A0EB00470507 /* PBXContainerItemProxy */;
		};
		F0F335972874A0EB00470507 /* PBXTargetDependency */ = {
			isa = PBXTargetDependency;
			target = F0F3356F2874A0E700470507 /* Trippy */;
			targetProxy = F0F335962874A0EB00470507 /* PBXContainerItemProxy */;
		};
/* End PBXTargetDependency section */

/* Begin PBXVariantGroup section */
		F0F3357C2874A0E700470507 /* Main.storyboard */ = {
			isa = PBXVariantGroup;
			children = (
				F0F3357D2874A0E700470507 /* Base */,
			);
			name = Main.storyboard;
			sourceTree = "<group>";
		};
		F0F335812874A0EB00470507 /* LaunchScreen.storyboard */ = {
			isa = PBXVariantGroup;
			children = (
				F0F335822874A0EB00470507 /* Base */,
			);
			name = LaunchScreen.storyboard;
			sourceTree = "<group>";
		};
/* End PBXVariantGroup section */

/* Begin XCBuildConfiguration section */
		F0F3359D2874A0EB00470507 /* Debug */ = {
			isa = XCBuildConfiguration;
			buildSettings = {
				ALWAYS_SEARCH_USER_PATHS = NO;
				CLANG_ANALYZER_NONNULL = YES;
				CLANG_ANALYZER_NUMBER_OBJECT_CONVERSION = YES_AGGRESSIVE;
				CLANG_CXX_LANGUAGE_STANDARD = "gnu++17";
				CLANG_ENABLE_MODULES = YES;
				CLANG_ENABLE_OBJC_ARC = YES;
				CLANG_ENABLE_OBJC_WEAK = YES;
				CLANG_WARN_BLOCK_CAPTURE_AUTORELEASING = YES;
				CLANG_WARN_BOOL_CONVERSION = YES;
				CLANG_WARN_COMMA = YES;
				CLANG_WARN_CONSTANT_CONVERSION = YES;
				CLANG_WARN_DEPRECATED_OBJC_IMPLEMENTATIONS = YES;
				CLANG_WARN_DIRECT_OBJC_ISA_USAGE = YES_ERROR;
				CLANG_WARN_DOCUMENTATION_COMMENTS = YES;
				CLANG_WARN_EMPTY_BODY = YES;
				CLANG_WARN_ENUM_CONVERSION = YES;
				CLANG_WARN_INFINITE_RECURSION = YES;
				CLANG_WARN_INT_CONVERSION = YES;
				CLANG_WARN_NON_LITERAL_NULL_CONVERSION = YES;
				CLANG_WARN_OBJC_IMPLICIT_RETAIN_SELF = YES;
				CLANG_WARN_OBJC_LITERAL_CONVERSION = YES;
				CLANG_WARN_OBJC_ROOT_CLASS = YES_ERROR;
				CLANG_WARN_QUOTED_INCLUDE_IN_FRAMEWORK_HEADER = YES;
				CLANG_WARN_RANGE_LOOP_ANALYSIS = YES;
				CLANG_WARN_STRICT_PROTOTYPES = YES;
				CLANG_WARN_SUSPICIOUS_MOVE = YES;
				CLANG_WARN_UNGUARDED_AVAILABILITY = YES_AGGRESSIVE;
				CLANG_WARN_UNREACHABLE_CODE = YES;
				CLANG_WARN__DUPLICATE_METHOD_MATCH = YES;
				COPY_PHASE_STRIP = NO;
				DEBUG_INFORMATION_FORMAT = dwarf;
				ENABLE_STRICT_OBJC_MSGSEND = YES;
				ENABLE_TESTABILITY = YES;
				"EXCLUDED_ARCHS[sdk=iphonesimulator*]" = arm64;
				GCC_C_LANGUAGE_STANDARD = gnu11;
				GCC_DYNAMIC_NO_PIC = NO;
				GCC_NO_COMMON_BLOCKS = YES;
				GCC_OPTIMIZATION_LEVEL = 0;
				GCC_PREPROCESSOR_DEFINITIONS = (
					"DEBUG=1",
					"$(inherited)",
				);
				GCC_WARN_64_TO_32_BIT_CONVERSION = YES;
				GCC_WARN_ABOUT_RETURN_TYPE = YES_ERROR;
				GCC_WARN_UNDECLARED_SELECTOR = YES;
				GCC_WARN_UNINITIALIZED_AUTOS = YES_AGGRESSIVE;
				GCC_WARN_UNUSED_FUNCTION = YES;
				GCC_WARN_UNUSED_VARIABLE = YES;
				IPHONEOS_DEPLOYMENT_TARGET = 15.5;
				MTL_ENABLE_DEBUG_INFO = INCLUDE_SOURCE;
				MTL_FAST_MATH = YES;
				ONLY_ACTIVE_ARCH = YES;
				SDKROOT = iphoneos;
			};
			name = Debug;
		};
		F0F3359E2874A0EB00470507 /* Release */ = {
			isa = XCBuildConfiguration;
			buildSettings = {
				ALWAYS_SEARCH_USER_PATHS = NO;
				CLANG_ANALYZER_NONNULL = YES;
				CLANG_ANALYZER_NUMBER_OBJECT_CONVERSION = YES_AGGRESSIVE;
				CLANG_CXX_LANGUAGE_STANDARD = "gnu++17";
				CLANG_ENABLE_MODULES = YES;
				CLANG_ENABLE_OBJC_ARC = YES;
				CLANG_ENABLE_OBJC_WEAK = YES;
				CLANG_WARN_BLOCK_CAPTURE_AUTORELEASING = YES;
				CLANG_WARN_BOOL_CONVERSION = YES;
				CLANG_WARN_COMMA = YES;
				CLANG_WARN_CONSTANT_CONVERSION = YES;
				CLANG_WARN_DEPRECATED_OBJC_IMPLEMENTATIONS = YES;
				CLANG_WARN_DIRECT_OBJC_ISA_USAGE = YES_ERROR;
				CLANG_WARN_DOCUMENTATION_COMMENTS = YES;
				CLANG_WARN_EMPTY_BODY = YES;
				CLANG_WARN_ENUM_CONVERSION = YES;
				CLANG_WARN_INFINITE_RECURSION = YES;
				CLANG_WARN_INT_CONVERSION = YES;
				CLANG_WARN_NON_LITERAL_NULL_CONVERSION = YES;
				CLANG_WARN_OBJC_IMPLICIT_RETAIN_SELF = YES;
				CLANG_WARN_OBJC_LITERAL_CONVERSION = YES;
				CLANG_WARN_OBJC_ROOT_CLASS = YES_ERROR;
				CLANG_WARN_QUOTED_INCLUDE_IN_FRAMEWORK_HEADER = YES;
				CLANG_WARN_RANGE_LOOP_ANALYSIS = YES;
				CLANG_WARN_STRICT_PROTOTYPES = YES;
				CLANG_WARN_SUSPICIOUS_MOVE = YES;
				CLANG_WARN_UNGUARDED_AVAILABILITY = YES_AGGRESSIVE;
				CLANG_WARN_UNREACHABLE_CODE = YES;
				CLANG_WARN__DUPLICATE_METHOD_MATCH = YES;
				COPY_PHASE_STRIP = NO;
				DEBUG_INFORMATION_FORMAT = "dwarf-with-dsym";
				ENABLE_NS_ASSERTIONS = NO;
				ENABLE_STRICT_OBJC_MSGSEND = YES;
				GCC_C_LANGUAGE_STANDARD = gnu11;
				GCC_NO_COMMON_BLOCKS = YES;
				GCC_WARN_64_TO_32_BIT_CONVERSION = YES;
				GCC_WARN_ABOUT_RETURN_TYPE = YES_ERROR;
				GCC_WARN_UNDECLARED_SELECTOR = YES;
				GCC_WARN_UNINITIALIZED_AUTOS = YES_AGGRESSIVE;
				GCC_WARN_UNUSED_FUNCTION = YES;
				GCC_WARN_UNUSED_VARIABLE = YES;
				IPHONEOS_DEPLOYMENT_TARGET = 15.5;
				MTL_ENABLE_DEBUG_INFO = NO;
				MTL_FAST_MATH = YES;
				SDKROOT = iphoneos;
				VALIDATE_PRODUCT = YES;
			};
			name = Release;
		};
		F0F335A02874A0EB00470507 /* Debug */ = {
			isa = XCBuildConfiguration;
			baseConfigurationReference = B8D3E6DA2519CA6D60DBFF53 /* Pods-Trippy.debug.xcconfig */;
			buildSettings = {
				ASSETCATALOG_COMPILER_APPICON_NAME = AppIcon;
				ASSETCATALOG_COMPILER_GLOBAL_ACCENT_COLOR_NAME = AccentColor;
				CODE_SIGN_STYLE = Automatic;
				CURRENT_PROJECT_VERSION = 1;
				DEVELOPMENT_TEAM = Z5SZ8N67M2;
				EXCLUDED_ARCHS = "";
				"EXCLUDED_ARCHS[sdk=iphonesimulator*]" = arm64;
				GENERATE_INFOPLIST_FILE = YES;
				INFOPLIST_FILE = Trippy/Info.plist;
				INFOPLIST_KEY_UIApplicationSupportsIndirectInputEvents = YES;
				INFOPLIST_KEY_UILaunchStoryboardName = LaunchScreen;
				INFOPLIST_KEY_UIMainStoryboardFile = Main;
				INFOPLIST_KEY_UISupportedInterfaceOrientations_iPad = "UIInterfaceOrientationPortrait UIInterfaceOrientationPortraitUpsideDown UIInterfaceOrientationLandscapeLeft UIInterfaceOrientationLandscapeRight";
				INFOPLIST_KEY_UISupportedInterfaceOrientations_iPhone = "UIInterfaceOrientationPortrait UIInterfaceOrientationLandscapeLeft UIInterfaceOrientationLandscapeRight";
				LD_RUNPATH_SEARCH_PATHS = (
					"$(inherited)",
					"@executable_path/Frameworks",
				);
				MARKETING_VERSION = 1.0;
				ONLY_ACTIVE_ARCH = YES;
				PRODUCT_BUNDLE_IDENTIFIER = com.codepath.czlu.Trippy;
				PRODUCT_NAME = "$(TARGET_NAME)";
				SWIFT_EMIT_LOC_STRINGS = YES;
				TARGETED_DEVICE_FAMILY = "1,2";
			};
			name = Debug;
		};
		F0F335A12874A0EB00470507 /* Release */ = {
			isa = XCBuildConfiguration;
			baseConfigurationReference = C453D7B45B0BB1D11B0EE346 /* Pods-Trippy.release.xcconfig */;
			buildSettings = {
				ASSETCATALOG_COMPILER_APPICON_NAME = AppIcon;
				ASSETCATALOG_COMPILER_GLOBAL_ACCENT_COLOR_NAME = AccentColor;
				CODE_SIGN_STYLE = Automatic;
				CURRENT_PROJECT_VERSION = 1;
				DEVELOPMENT_TEAM = Z5SZ8N67M2;
				EXCLUDED_ARCHS = "";
				GENERATE_INFOPLIST_FILE = YES;
				INFOPLIST_FILE = Trippy/Info.plist;
				INFOPLIST_KEY_UIApplicationSupportsIndirectInputEvents = YES;
				INFOPLIST_KEY_UILaunchStoryboardName = LaunchScreen;
				INFOPLIST_KEY_UIMainStoryboardFile = Main;
				INFOPLIST_KEY_UISupportedInterfaceOrientations_iPad = "UIInterfaceOrientationPortrait UIInterfaceOrientationPortraitUpsideDown UIInterfaceOrientationLandscapeLeft UIInterfaceOrientationLandscapeRight";
				INFOPLIST_KEY_UISupportedInterfaceOrientations_iPhone = "UIInterfaceOrientationPortrait UIInterfaceOrientationLandscapeLeft UIInterfaceOrientationLandscapeRight";
				LD_RUNPATH_SEARCH_PATHS = (
					"$(inherited)",
					"@executable_path/Frameworks",
				);
				MARKETING_VERSION = 1.0;
				ONLY_ACTIVE_ARCH = NO;
				PRODUCT_BUNDLE_IDENTIFIER = com.codepath.czlu.Trippy;
				PRODUCT_NAME = "$(TARGET_NAME)";
				SWIFT_EMIT_LOC_STRINGS = YES;
				TARGETED_DEVICE_FAMILY = "1,2";
			};
			name = Release;
		};
		F0F335A32874A0EB00470507 /* Debug */ = {
			isa = XCBuildConfiguration;
			baseConfigurationReference = CCA5DB2AB9E0DEA96B5E2177 /* Pods-TrippyTests.debug.xcconfig */;
			buildSettings = {
				BUNDLE_LOADER = "$(TEST_HOST)";
				CODE_SIGN_STYLE = Automatic;
				CURRENT_PROJECT_VERSION = 1;
				DEVELOPMENT_TEAM = Z5SZ8N67M2;
				GENERATE_INFOPLIST_FILE = YES;
				IPHONEOS_DEPLOYMENT_TARGET = 15.5;
				MARKETING_VERSION = 1.0;
				PRODUCT_BUNDLE_IDENTIFIER = com.codepath.czlu.TrippyTests;
				PRODUCT_NAME = "$(TARGET_NAME)";
				SWIFT_EMIT_LOC_STRINGS = NO;
				TARGETED_DEVICE_FAMILY = "1,2";
				TEST_HOST = "$(BUILT_PRODUCTS_DIR)/Trippy.app/Trippy";
			};
			name = Debug;
		};
		F0F335A42874A0EB00470507 /* Release */ = {
			isa = XCBuildConfiguration;
			baseConfigurationReference = 21341CAF207ECB6E4069795F /* Pods-TrippyTests.release.xcconfig */;
			buildSettings = {
				BUNDLE_LOADER = "$(TEST_HOST)";
				CODE_SIGN_STYLE = Automatic;
				CURRENT_PROJECT_VERSION = 1;
				DEVELOPMENT_TEAM = Z5SZ8N67M2;
				GENERATE_INFOPLIST_FILE = YES;
				IPHONEOS_DEPLOYMENT_TARGET = 15.5;
				MARKETING_VERSION = 1.0;
				PRODUCT_BUNDLE_IDENTIFIER = com.codepath.czlu.TrippyTests;
				PRODUCT_NAME = "$(TARGET_NAME)";
				SWIFT_EMIT_LOC_STRINGS = NO;
				TARGETED_DEVICE_FAMILY = "1,2";
				TEST_HOST = "$(BUILT_PRODUCTS_DIR)/Trippy.app/Trippy";
			};
			name = Release;
		};
		F0F335A62874A0EB00470507 /* Debug */ = {
			isa = XCBuildConfiguration;
			baseConfigurationReference = 2A13D49510DDF03DBABB456F /* Pods-Trippy-TrippyUITests.debug.xcconfig */;
			buildSettings = {
				CODE_SIGN_STYLE = Automatic;
				CURRENT_PROJECT_VERSION = 1;
				DEVELOPMENT_TEAM = Z5SZ8N67M2;
				GENERATE_INFOPLIST_FILE = YES;
				MARKETING_VERSION = 1.0;
				PRODUCT_BUNDLE_IDENTIFIER = com.codepath.czlu.TrippyUITests;
				PRODUCT_NAME = "$(TARGET_NAME)";
				SWIFT_EMIT_LOC_STRINGS = NO;
				TARGETED_DEVICE_FAMILY = "1,2";
				TEST_TARGET_NAME = Trippy;
			};
			name = Debug;
		};
		F0F335A72874A0EB00470507 /* Release */ = {
			isa = XCBuildConfiguration;
			baseConfigurationReference = 4AAB8C2C2D2733EEBE11455F /* Pods-Trippy-TrippyUITests.release.xcconfig */;
			buildSettings = {
				CODE_SIGN_STYLE = Automatic;
				CURRENT_PROJECT_VERSION = 1;
				DEVELOPMENT_TEAM = Z5SZ8N67M2;
				GENERATE_INFOPLIST_FILE = YES;
				MARKETING_VERSION = 1.0;
				PRODUCT_BUNDLE_IDENTIFIER = com.codepath.czlu.TrippyUITests;
				PRODUCT_NAME = "$(TARGET_NAME)";
				SWIFT_EMIT_LOC_STRINGS = NO;
				TARGETED_DEVICE_FAMILY = "1,2";
				TEST_TARGET_NAME = Trippy;
			};
			name = Release;
		};
/* End XCBuildConfiguration section */

/* Begin XCConfigurationList section */
		F0F3356B2874A0E700470507 /* Build configuration list for PBXProject "Trippy" */ = {
			isa = XCConfigurationList;
			buildConfigurations = (
				F0F3359D2874A0EB00470507 /* Debug */,
				F0F3359E2874A0EB00470507 /* Release */,
			);
			defaultConfigurationIsVisible = 0;
			defaultConfigurationName = Release;
		};
		F0F3359F2874A0EB00470507 /* Build configuration list for PBXNativeTarget "Trippy" */ = {
			isa = XCConfigurationList;
			buildConfigurations = (
				F0F335A02874A0EB00470507 /* Debug */,
				F0F335A12874A0EB00470507 /* Release */,
			);
			defaultConfigurationIsVisible = 0;
			defaultConfigurationName = Release;
		};
		F0F335A22874A0EB00470507 /* Build configuration list for PBXNativeTarget "TrippyTests" */ = {
			isa = XCConfigurationList;
			buildConfigurations = (
				F0F335A32874A0EB00470507 /* Debug */,
				F0F335A42874A0EB00470507 /* Release */,
			);
			defaultConfigurationIsVisible = 0;
			defaultConfigurationName = Release;
		};
		F0F335A52874A0EB00470507 /* Build configuration list for PBXNativeTarget "TrippyUITests" */ = {
			isa = XCConfigurationList;
			buildConfigurations = (
				F0F335A62874A0EB00470507 /* Debug */,
				F0F335A72874A0EB00470507 /* Release */,
			);
			defaultConfigurationIsVisible = 0;
			defaultConfigurationName = Release;
		};
/* End XCConfigurationList section */

/* Begin XCVersionGroup section */
		F0342E1C28946111006717CB /* DataModel.xcdatamodeld */ = {
			isa = XCVersionGroup;
			children = (
				F0342E1D28946111006717CB /* DataModel.xcdatamodel */,
			);
			currentVersion = F0342E1D28946111006717CB /* DataModel.xcdatamodel */;
			path = DataModel.xcdatamodeld;
			sourceTree = "<group>";
			versionGroupType = wrapper.xcdatamodel;
		};
/* End XCVersionGroup section */
	};
	rootObject = F0F335682874A0E700470507 /* Project object */;
}
